// !$*UTF8*$!
{
	archiveVersion = 1;
	classes = {
	};
	objectVersion = 77;
	objects = {

/* Begin PBXBuildFile section */
		02F9B99E29C1DFBF77F23A43 /* QuickActionTests.swift in Sources */ = {isa = PBXBuildFile; fileRef = B447583BEE1A08602A4FD373 /* QuickActionTests.swift */; };
		03E1C3E42F1A0F106A3CA761 /* SyntaxHighlighterTests.swift in Sources */ = {isa = PBXBuildFile; fileRef = 41145C8F1AADDC66DC1B87FD /* SyntaxHighlighterTests.swift */; };
		045AA3C98D61F702BD0DB94C /* MarkdownRenderer.swift in Sources */ = {isa = PBXBuildFile; fileRef = 5FA09ACD9FCE2B372DFC8D37 /* MarkdownRenderer.swift */; };
		05F2DE6BD8D4E6252DADA9CC /* EncodingTransforms.swift in Sources */ = {isa = PBXBuildFile; fileRef = 06FABFEAEC0ED7A44636168E /* EncodingTransforms.swift */; };
		0A6ABA854D363923090D3C8A /* JSONTransforms.swift in Sources */ = {isa = PBXBuildFile; fileRef = 99B37D189CC0483D053CF4AB /* JSONTransforms.swift */; };
		0CB5FE0F290867E2CCE6D83F /* OCRServiceTests.swift in Sources */ = {isa = PBXBuildFile; fileRef = 00D096A99F4E944B08AF694E /* OCRServiceTests.swift */; };
		0EFA87C97E516C956098D076 /* CCPCommand.swift in Sources */ = {isa = PBXBuildFile; fileRef = 4A6B448803A544E5069DC00A /* CCPCommand.swift */; };
		139DA45EB2F89D7352E0387B /* NaturalLanguageSearchTests.swift in Sources */ = {isa = PBXBuildFile; fileRef = D0D4A6F6011C07F68D467114 /* NaturalLanguageSearchTests.swift */; };
		1668E5E9EF08DAE993211A02 /* EmptyStateView.swift in Sources */ = {isa = PBXBuildFile; fileRef = 20D4AFACFF3D46BB7A178BD4 /* EmptyStateView.swift */; };
		1820526E40891FD3FAAA2B5C /* ShortcutsSettingsView.swift in Sources */ = {isa = PBXBuildFile; fileRef = E04EC2D72122694D96129D8A /* ShortcutsSettingsView.swift */; };
		2034B8ED4C45CF5752B37B99 /* PopoverContentView.swift in Sources */ = {isa = PBXBuildFile; fileRef = 7E583957A4D84097A895CCC3 /* PopoverContentView.swift */; };
		218360C88C2C14B576713C36 /* ItemDetailView.swift in Sources */ = {isa = PBXBuildFile; fileRef = 69EC50B3E2ED6DC2C7BBCD80 /* ItemDetailView.swift */; };
		21C56793CC72F8C97109018B /* SmartCollection.swift in Sources */ = {isa = PBXBuildFile; fileRef = 9E931BD054C062700D056AF5 /* SmartCollection.swift */; };
		22CA226E233CC2B2461F59FF /* PinButton.swift in Sources */ = {isa = PBXBuildFile; fileRef = 89355611BB3D7678D125EB82 /* PinButton.swift */; };
		24688FB8D264BB25D6A8DC57 /* SyntaxHighlightedText.swift in Sources */ = {isa = PBXBuildFile; fileRef = D59EDF39A2A6B1A057F9DBE0 /* SyntaxHighlightedText.swift */; };
		24C35416B9D5F7FB1F8716DD /* HoverPreviewWindowController.swift in Sources */ = {isa = PBXBuildFile; fileRef = 9248F5586D04321845CCC07E /* HoverPreviewWindowController.swift */; };
		24C869100A32FC54E475C87E /* RulesSettingsView.swift in Sources */ = {isa = PBXBuildFile; fileRef = 39D369A5BA9EC495B6915FFF /* RulesSettingsView.swift */; };
		24EC1D497AD8E7348E76FFFE /* RenderedMarkdownView.swift in Sources */ = {isa = PBXBuildFile; fileRef = 17B73D42C9249B878458B6D6 /* RenderedMarkdownView.swift */; };
		28786997583F01A7EBDC06B7 /* MarkdownRendererTests.swift in Sources */ = {isa = PBXBuildFile; fileRef = 93834C7E549C325DE6937085 /* MarkdownRendererTests.swift */; };
		29110A218ABBAF713BBA8FFA /* ArgumentParser in Frameworks */ = {isa = PBXBuildFile; productRef = 0ECE32340E5D49DC10485FFE /* ArgumentParser */; };
		2C54F024721CC831FB839D6A /* MarkdownTransform.swift in Sources */ = {isa = PBXBuildFile; fileRef = D5916C1F0C1EA88255307CAC /* MarkdownTransform.swift */; };
		2E9F4D4C6AE8E582E9C255F4 /* WorkspaceFilterView.swift in Sources */ = {isa = PBXBuildFile; fileRef = 39FABB4ADDD77A7325823145 /* WorkspaceFilterView.swift */; };
		2ECD7E745713734F0C13AA35 /* SnippetFillInView.swift in Sources */ = {isa = PBXBuildFile; fileRef = 77D06CEA679082E0C487AC40 /* SnippetFillInView.swift */; };
		32B914AC353BF086113C13FD /* Assets.xcassets in Resources */ = {isa = PBXBuildFile; fileRef = 34D72D044C186834C9218713 /* Assets.xcassets */; };
		32D06FCA573AA32AB51C2D7A /* CopiesChartView.swift in Sources */ = {isa = PBXBuildFile; fileRef = 7719C0ABB1F59131E900E650 /* CopiesChartView.swift */; };
		340D4689450D69697CD31612 /* TransformService.swift in Sources */ = {isa = PBXBuildFile; fileRef = 33DAD0030E167B5E78115D96 /* TransformService.swift */; };
		367DFAD9417D8E7E406F2E45 /* SyntaxHighlighter.swift in Sources */ = {isa = PBXBuildFile; fileRef = 4C7165375CBC85C9E6B9E395 /* SyntaxHighlighter.swift */; };
		38E8B41A09A36CB7F16907C0 /* ClipboardRule.swift in Sources */ = {isa = PBXBuildFile; fileRef = 520587C3C3DDD60E777460D2 /* ClipboardRule.swift */; };
		3C7436AA11FFFA8D45A483DC /* UpdaterService.swift in Sources */ = {isa = PBXBuildFile; fileRef = 786E899836D329FD49018B9E /* UpdaterService.swift */; };
		3CD80E6AE467389DA83E3721 /* SmartCollection.swift in Sources */ = {isa = PBXBuildFile; fileRef = 9E931BD054C062700D056AF5 /* SmartCollection.swift */; };
		3E9068C4C390270611224805 /* ContentAnalyzer.swift in Sources */ = {isa = PBXBuildFile; fileRef = 91CFBAB56E17D3F2008ECFAB /* ContentAnalyzer.swift */; };
		3E9AA8EE37DF7371B4F2E9BC /* ColorTransforms.swift in Sources */ = {isa = PBXBuildFile; fileRef = E34B9A0919F54A2B893214FB /* ColorTransforms.swift */; };
		3FF355196A29AC2AF065491A /* SnippetFolder.swift in Sources */ = {isa = PBXBuildFile; fileRef = 973EE5E08F3F689476DB8162 /* SnippetFolder.swift */; };
		428090C2646F71AB38C467C5 /* UserPreferencesTests.swift in Sources */ = {isa = PBXBuildFile; fileRef = 3D73EC9943A1B4FB4C6A1B09 /* UserPreferencesTests.swift */; };
		487686FB69B6EEA0AFB3A762 /* OrderedCache.swift in Sources */ = {isa = PBXBuildFile; fileRef = 311D123CC05C1AA6722AFD21 /* OrderedCache.swift */; };
		488B9902769FEA6347BCE9C9 /* ExclusionListManager.swift in Sources */ = {isa = PBXBuildFile; fileRef = AC15C1F77BAD39774C1AA49D /* ExclusionListManager.swift */; };
		49186A5C5A2AD800E2EABB5F /* CopyButton.swift in Sources */ = {isa = PBXBuildFile; fileRef = E52A58FEE4D2E98F5D354C13 /* CopyButton.swift */; };
		49F850F4C96C6AEAE9DDD985 /* GeneralSettingsView.swift in Sources */ = {isa = PBXBuildFile; fileRef = 70BA09BA787CFADDB55BB82C /* GeneralSettingsView.swift */; };
		4D0D2E96148ACA16006E2A2A /* ExclusionListTests.swift in Sources */ = {isa = PBXBuildFile; fileRef = 3AF7893D3BEE8A21438AAB68 /* ExclusionListTests.swift */; };
		4DFAB8989F54FE9926BE0DB7 /* OCRResultView.swift in Sources */ = {isa = PBXBuildFile; fileRef = 38E961937EF27BC9250137D1 /* OCRResultView.swift */; };
		4E157391471CA14BD71ADBD3 /* SecuritySettingsView.swift in Sources */ = {isa = PBXBuildFile; fileRef = 6FADBB9CBB04D93CED7A0731 /* SecuritySettingsView.swift */; };
		538805A83C1C2C38D1932A15 /* TimeGrouper.swift in Sources */ = {isa = PBXBuildFile; fileRef = 2CCC4BAEB520FAF8D668C2DE /* TimeGrouper.swift */; };
		54FA6ED61791CD64F0F27658 /* SnippetEditorView.swift in Sources */ = {isa = PBXBuildFile; fileRef = A93101BB97B900E0AB9A0C18 /* SnippetEditorView.swift */; };
		550271D1783D99645A3D29C7 /* LLMSearchService.swift in Sources */ = {isa = PBXBuildFile; fileRef = D74AF4DF48DDA693E7C41544 /* LLMSearchService.swift */; };
		56D27E60163C61978F1CF70D /* AppearanceSettingsView.swift in Sources */ = {isa = PBXBuildFile; fileRef = AA37EC83696A28A687B2E343 /* AppearanceSettingsView.swift */; };
		5715CB911139F24BE7BE58B0 /* OCRService.swift in Sources */ = {isa = PBXBuildFile; fileRef = E1F9BC984102702EECA6A4FC /* OCRService.swift */; };
		57FFD417F85D7FFF9F024D34 /* CLIStorageService.swift in Sources */ = {isa = PBXBuildFile; fileRef = 3047601BF64BF9E90A391508 /* CLIStorageService.swift */; };
		5C3D4B4AD67902D292760A13 /* ClipboardRule.swift in Sources */ = {isa = PBXBuildFile; fileRef = 520587C3C3DDD60E777460D2 /* ClipboardRule.swift */; };
		5C4E416242422DC545920336 /* SettingsView.swift in Sources */ = {isa = PBXBuildFile; fileRef = EE058F38D24D900772DF78B7 /* SettingsView.swift */; };
		5DFEA659C2FDB00D06389302 /* SnippetListView.swift in Sources */ = {isa = PBXBuildFile; fileRef = 47CF1DF4BA9CBE4BAD534C30 /* SnippetListView.swift */; };
		61C453F801C562BC5EB57C04 /* SensitiveDataBadge.swift in Sources */ = {isa = PBXBuildFile; fileRef = 0E1754CDE60105269A84787A /* SensitiveDataBadge.swift */; };
		66D5A1422AD0C506E4BB58AF /* CodeFormattingTransforms.swift in Sources */ = {isa = PBXBuildFile; fileRef = 0FD329B9ECBE1AC0C429C1D2 /* CodeFormattingTransforms.swift */; };
		6A9918AE10DA98D769281A30 /* SensitiveDataDetector.swift in Sources */ = {isa = PBXBuildFile; fileRef = 5A58128E053DE0C561BE9B97 /* SensitiveDataDetector.swift */; };
		6AA2D0C208C3BFAC1440945B /* AnalyticsService.swift in Sources */ = {isa = PBXBuildFile; fileRef = AB81BC30E5D8040E9B3437F9 /* AnalyticsService.swift */; };
		6CAD97094C81D22A8C1F21B5 /* TypeBadge.swift in Sources */ = {isa = PBXBuildFile; fileRef = 75D45C780BA24F7F291FB901 /* TypeBadge.swift */; };
		71CB2E0761398E65868A1416 /* ClipboardListView.swift in Sources */ = {isa = PBXBuildFile; fileRef = B1C9943F5C991538A46C45F4 /* ClipboardListView.swift */; };
		77D94870E771498D6ADFAD98 /* StorageService.swift in Sources */ = {isa = PBXBuildFile; fileRef = 2386215C3A60CC8B83B274B2 /* StorageService.swift */; };
		7814F598A7AC4C6B50E45752 /* ExclusionsSettingsView.swift in Sources */ = {isa = PBXBuildFile; fileRef = 740793F5B40B691AF75C3A9A /* ExclusionsSettingsView.swift */; };
		79FBFB4DA240F0728D67B2D3 /* ClipboardMonitor.swift in Sources */ = {isa = PBXBuildFile; fileRef = BD8D0DCFA9E7290BB9DE9AB2 /* ClipboardMonitor.swift */; };
		7DDCA5A177056A60D1E2E60F /* ClipboardItemRow.swift in Sources */ = {isa = PBXBuildFile; fileRef = B015D74D3CD36CBB92793FB1 /* ClipboardItemRow.swift */; };
		7E15B7B8A914736179A0CBC5 /* SensitiveDataDetectorTests.swift in Sources */ = {isa = PBXBuildFile; fileRef = ED5305C90E3CBD8C4EA34353 /* SensitiveDataDetectorTests.swift */; };
		7FDB5BC86979FD740DAE1FFB /* CaseTransforms.swift in Sources */ = {isa = PBXBuildFile; fileRef = 02710B0C3F43F374853F7AEC /* CaseTransforms.swift */; };
		7FFA8233101D66958B0D76DE /* TransformResultView.swift in Sources */ = {isa = PBXBuildFile; fileRef = 0C6D364E9F29FAFE21B13CD9 /* TransformResultView.swift */; };
		8263E12049827E3295E55F2A /* AboutSettingsView.swift in Sources */ = {isa = PBXBuildFile; fileRef = 19EE0EF052C903D625479749 /* AboutSettingsView.swift */; };
		887674570BE3CFCFDFE452B8 /* OnboardingView.swift in Sources */ = {isa = PBXBuildFile; fileRef = 7B5AF3CC6E7C41C01E584B1C /* OnboardingView.swift */; };
		8DA450FACECFD3DC1CF932ED /* SmartCollectionsView.swift in Sources */ = {isa = PBXBuildFile; fileRef = B33017664958D3D2DB5C36CE /* SmartCollectionsView.swift */; };
		8DD06A3273B0D7BFE70D39EF /* CutCopyPasteApp.swift in Sources */ = {isa = PBXBuildFile; fileRef = 10487A359F68EBADF7197135 /* CutCopyPasteApp.swift */; };
		8EC7520512B53DD8215F7E97 /* SmartCollectionTests.swift in Sources */ = {isa = PBXBuildFile; fileRef = 1593A72780E14DFAEC1E3F13 /* SmartCollectionTests.swift */; };
		9004A3C3BBE37F5DB1CDBA62 /* NSImage+Thumbnail.swift in Sources */ = {isa = PBXBuildFile; fileRef = 0E20FFAE94A1AEE9DCAE3D60 /* NSImage+Thumbnail.swift */; };
		90D28C340974EEA647B6B1A6 /* CopyFormatTests.swift in Sources */ = {isa = PBXBuildFile; fileRef = 97003470420E4FFD35444D2C /* CopyFormatTests.swift */; };
		94F7D34936DD603E5681F46B /* TextSummarizerTests.swift in Sources */ = {isa = PBXBuildFile; fileRef = 9A9663D8AEF63B4DD0D2C778 /* TextSummarizerTests.swift */; };
		9763D667892C336341E85F24 /* ActionsMenu.swift in Sources */ = {isa = PBXBuildFile; fileRef = 0200C3C0FCBF961737D50424 /* ActionsMenu.swift */; };
		98E76CA3728F3628DC868A59 /* ClipboardItem+Transferable.swift in Sources */ = {isa = PBXBuildFile; fileRef = 6CD632CDFD54247EDE56A64B /* ClipboardItem+Transferable.swift */; };
		9AAAF4070748CB33422B4BD5 /* NaturalLanguageSearchService.swift in Sources */ = {isa = PBXBuildFile; fileRef = F970B70000931A80DB9E862E /* NaturalLanguageSearchService.swift */; };
		9BF06A732ED6006B804269FE /* ClipboardItemSnapshot.swift in Sources */ = {isa = PBXBuildFile; fileRef = 82424347580C7F76F2351213 /* ClipboardItemSnapshot.swift */; };
		9FB5B5905C99B280DE11C45F /* ShareServiceTests.swift in Sources */ = {isa = PBXBuildFile; fileRef = 134FCD5C6F7866D8F17F60D6 /* ShareServiceTests.swift */; };
		A03C8314DFB35B1E5AACB276 /* DiffEngineTests.swift in Sources */ = {isa = PBXBuildFile; fileRef = FE02D817F7E8F1EBDD9C64C7 /* DiffEngineTests.swift */; };
		A1A80C9B988458B5DC507626 /* UserPreferences.swift in Sources */ = {isa = PBXBuildFile; fileRef = BE57BAE521DA4947AC2A76E1 /* UserPreferences.swift */; };
		A1C10B58DE2302268ADBEF43 /* Snippet.swift in Sources */ = {isa = PBXBuildFile; fileRef = B7A9532214AEDD5A0411CB42 /* Snippet.swift */; };
		A6A9669497FE469A809B1D12 /* TimeGrouperTests.swift in Sources */ = {isa = PBXBuildFile; fileRef = 5F48D0FF7ABF86EFF96C7D37 /* TimeGrouperTests.swift */; };
		A85F12EC10D0B4516CB0A6DC /* Snippet.swift in Sources */ = {isa = PBXBuildFile; fileRef = B7A9532214AEDD5A0411CB42 /* Snippet.swift */; };
		A94E9C7DFCA101E266546802 /* KeyboardShortcutManager.swift in Sources */ = {isa = PBXBuildFile; fileRef = BF0FC28A94D8EF35B411BEAB /* KeyboardShortcutManager.swift */; };
		AB47FD8D0E21CC244A058FF5 /* Date+Formatting.swift in Sources */ = {isa = PBXBuildFile; fileRef = B66898F1B2F0B20773F034E4 /* Date+Formatting.swift */; };
		AC7F94BFC9F7EDD3AFC032BC /* UserPreferences.swift in Sources */ = {isa = PBXBuildFile; fileRef = BE57BAE521DA4947AC2A76E1 /* UserPreferences.swift */; };
		ADDBA29CB78C374CF068ADA8 /* ClipboardItem.swift in Sources */ = {isa = PBXBuildFile; fileRef = 5119E9329121073E147597CC /* ClipboardItem.swift */; };
		AED3F2C1FFC42A40F7DA57F0 /* DiffView.swift in Sources */ = {isa = PBXBuildFile; fileRef = 8FD4BBAB2DF5294DC4671F0A /* DiffView.swift */; };
		B0CDCF4775EEB4CC0ED16852 /* RuleEditorView.swift in Sources */ = {isa = PBXBuildFile; fileRef = FF2943F822543BF59509CF4C /* RuleEditorView.swift */; };
		B1D0BB95C585AA8BE66C9D04 /* SnippetFolder.swift in Sources */ = {isa = PBXBuildFile; fileRef = 973EE5E08F3F689476DB8162 /* SnippetFolder.swift */; };
		B26B62D82F0344FA233DE58D /* Constants.swift in Sources */ = {isa = PBXBuildFile; fileRef = 920DB4721FE5066E6600D19E /* Constants.swift */; };
		B92CEBFEE3563DB18A2AF7D5 /* CutCopyPasteTests.swift in Sources */ = {isa = PBXBuildFile; fileRef = 6525C986086985D19217F2E7 /* CutCopyPasteTests.swift */; };
		BB508E14F1EB2C6AE208A5E8 /* SearchBarView.swift in Sources */ = {isa = PBXBuildFile; fileRef = F3BFDA6891CD0B0121EF25DE /* SearchBarView.swift */; };
		BF41A0FC492D7AA958496156 /* SmartCollectionService.swift in Sources */ = {isa = PBXBuildFile; fileRef = 94C6D1ADFF382B4BAA355EA8 /* SmartCollectionService.swift */; };
		C1030B8387FFAB47A8147E28 /* XMLTransform.swift in Sources */ = {isa = PBXBuildFile; fileRef = 19B2EA139EAD5CA4759165E1 /* XMLTransform.swift */; };
		C595C307BFD97BEF611C4722 /* Sparkle in Frameworks */ = {isa = PBXBuildFile; productRef = C98617ABFB47B41DF27F253C /* Sparkle */; };
		C761BBE194B88E316EEF1078 /* SnippetFolderManagerView.swift in Sources */ = {isa = PBXBuildFile; fileRef = 443B68879F93D02EF4A3129F /* SnippetFolderManagerView.swift */; };
		C7B14CCA0AB4036CE84FCC10 /* QuickActionService.swift in Sources */ = {isa = PBXBuildFile; fileRef = 952F24FE44F18B4A5E0F91B0 /* QuickActionService.swift */; };
		CC99F7A242C4F87B0DD8A905 /* AppState.swift in Sources */ = {isa = PBXBuildFile; fileRef = 8F5D17E922C3114AD9F7086B /* AppState.swift */; };
		CCA39CCF149DD0A401EF29BE /* Data+Compression.swift in Sources */ = {isa = PBXBuildFile; fileRef = 88FA047F9E184FDCAC4B2ADA /* Data+Compression.swift */; };
		CD91145D32221AE07254C786 /* CategoryTabBar.swift in Sources */ = {isa = PBXBuildFile; fileRef = E759CD1780B373A2C79D165B /* CategoryTabBar.swift */; };
		CD9776EA3F2A36F075FAFDBE /* ClipboardItemType.swift in Sources */ = {isa = PBXBuildFile; fileRef = 3614CF7A5CE97D969C262985 /* ClipboardItemType.swift */; };
		CDBD777BC111C3A41C3310E6 /* ClipboardItemType.swift in Sources */ = {isa = PBXBuildFile; fileRef = 3614CF7A5CE97D969C262985 /* ClipboardItemType.swift */; };
		CE0BA3BDB77B028F4E1937C3 /* TransformTests.swift in Sources */ = {isa = PBXBuildFile; fileRef = 1EC9BB3B0C0AD9D3040FD3C0 /* TransformTests.swift */; };
		D1C3110AF7E589EFA9C22286 /* SemanticSearchService.swift in Sources */ = {isa = PBXBuildFile; fileRef = B99A93EE4124D5735F769F0F /* SemanticSearchService.swift */; };
		D2416016E577750CC960165C /* WorkspaceDetector.swift in Sources */ = {isa = PBXBuildFile; fileRef = 2E57F3E761694DBC0E81EFE8 /* WorkspaceDetector.swift */; };
		D39EFFB4CCA50088D824D2B9 /* PastePlainButton.swift in Sources */ = {isa = PBXBuildFile; fileRef = 6A615E2D13CC6175CDC64A8D /* PastePlainButton.swift */; };
		D6194B98A49CD3EBC6C28F28 /* ClipboardItemSnapshot.swift in Sources */ = {isa = PBXBuildFile; fileRef = 82424347580C7F76F2351213 /* ClipboardItemSnapshot.swift */; };
		DA7DAE36B3824306688E5FDD /* CurlTransform.swift in Sources */ = {isa = PBXBuildFile; fileRef = 961ADB8D8943E416729E9B5D /* CurlTransform.swift */; };
		E167AB490E09BDA829AF89B5 /* SnippetService.swift in Sources */ = {isa = PBXBuildFile; fileRef = 4EEB4EB0A06E0EC2D5FCBC1A /* SnippetService.swift */; };
		E5FC4FA06C3D5801926782EF /* HoverPreviewPanel.swift in Sources */ = {isa = PBXBuildFile; fileRef = 2A2A3B4AFBADD91A29A726A3 /* HoverPreviewPanel.swift */; };
		E7E8C881EEAD514331902954 /* DiffEngine.swift in Sources */ = {isa = PBXBuildFile; fileRef = 68801E8F16D5F0B146B4EF18 /* DiffEngine.swift */; };
		EA69B424C6C70A5F01D8C347 /* SQLTransform.swift in Sources */ = {isa = PBXBuildFile; fileRef = 508908ACC34C3F3D723ED394 /* SQLTransform.swift */; };
		EC2202A5143463762AB642C1 /* ContentAnalyzerTests.swift in Sources */ = {isa = PBXBuildFile; fileRef = 02B205443082BD3D3E97190E /* ContentAnalyzerTests.swift */; };
		EDE309A5DD2ABFA04409F44A /* SnippetTests.swift in Sources */ = {isa = PBXBuildFile; fileRef = 642960C4F3BC2CEEE10AE9C7 /* SnippetTests.swift */; };
		EFD8FB1C834FD3E0796CF29F /* DeleteButton.swift in Sources */ = {isa = PBXBuildFile; fileRef = DE67BAA65A332C5C52CA0347 /* DeleteButton.swift */; };
		F060240E78FA82D8742A9EE4 /* String+Truncation.swift in Sources */ = {isa = PBXBuildFile; fileRef = C061AA473E862A46CF3ADEAB /* String+Truncation.swift */; };
		F343D1CB66262223B371079E /* ContentTypePieChart.swift in Sources */ = {isa = PBXBuildFile; fileRef = F2BD304E8791FFBE8FB5F46D /* ContentTypePieChart.swift */; };
		F48EE3CD3CC659B9AF3DAFC9 /* AnalyticsDashboardView.swift in Sources */ = {isa = PBXBuildFile; fileRef = 5BFF7AB5E99B0F0F177B8B71 /* AnalyticsDashboardView.swift */; };
		F4F9B2B7E70285F3A289CE71 /* TextSummarizer.swift in Sources */ = {isa = PBXBuildFile; fileRef = FB2E90D0A392B62AB8A26D5A /* TextSummarizer.swift */; };
		F5382B4840CC3D635F3378F8 /* ShareService.swift in Sources */ = {isa = PBXBuildFile; fileRef = 5FEE92AA6767DAC745DE2553 /* ShareService.swift */; };
		F595F64C7618554E0C05234A /* Constants.swift in Sources */ = {isa = PBXBuildFile; fileRef = 920DB4721FE5066E6600D19E /* Constants.swift */; };
		F89993065A1C730E67E9836A /* ClipboardItem.swift in Sources */ = {isa = PBXBuildFile; fileRef = 5119E9329121073E147597CC /* ClipboardItem.swift */; };
		F8BD238796CD52DEED26F1E3 /* StatCardView.swift in Sources */ = {isa = PBXBuildFile; fileRef = C9B93FC09068CBC151FAA144 /* StatCardView.swift */; };
		F8DDAFF31735D5C6439D5BF8 /* ClipboardRuleEngine.swift in Sources */ = {isa = PBXBuildFile; fileRef = 1090FC0AA4BEFE151E54E96A /* ClipboardRuleEngine.swift */; };
/* End PBXBuildFile section */

/* Begin PBXContainerItemProxy section */
		C95A71DF6338414C60995F3B /* PBXContainerItemProxy */ = {
			isa = PBXContainerItemProxy;
			containerPortal = D4F6CDA3DB78A6B3DEB0BC5D /* Project object */;
			proxyType = 1;
			remoteGlobalIDString = 9CE3447BDA08CA7F9AC9F9A0;
			remoteInfo = CutCopyPaste;
		};
/* End PBXContainerItemProxy section */

/* Begin PBXFileReference section */
		00D096A99F4E944B08AF694E /* OCRServiceTests.swift */ = {isa = PBXFileReference; lastKnownFileType = sourcecode.swift; path = OCRServiceTests.swift; sourceTree = "<group>"; };
		0200C3C0FCBF961737D50424 /* ActionsMenu.swift */ = {isa = PBXFileReference; lastKnownFileType = sourcecode.swift; path = ActionsMenu.swift; sourceTree = "<group>"; };
		02710B0C3F43F374853F7AEC /* CaseTransforms.swift */ = {isa = PBXFileReference; lastKnownFileType = sourcecode.swift; path = CaseTransforms.swift; sourceTree = "<group>"; };
		02B205443082BD3D3E97190E /* ContentAnalyzerTests.swift */ = {isa = PBXFileReference; lastKnownFileType = sourcecode.swift; path = ContentAnalyzerTests.swift; sourceTree = "<group>"; };
		06FABFEAEC0ED7A44636168E /* EncodingTransforms.swift */ = {isa = PBXFileReference; lastKnownFileType = sourcecode.swift; path = EncodingTransforms.swift; sourceTree = "<group>"; };
		0C6D364E9F29FAFE21B13CD9 /* TransformResultView.swift */ = {isa = PBXFileReference; lastKnownFileType = sourcecode.swift; path = TransformResultView.swift; sourceTree = "<group>"; };
		0E1754CDE60105269A84787A /* SensitiveDataBadge.swift */ = {isa = PBXFileReference; lastKnownFileType = sourcecode.swift; path = SensitiveDataBadge.swift; sourceTree = "<group>"; };
		0E20FFAE94A1AEE9DCAE3D60 /* NSImage+Thumbnail.swift */ = {isa = PBXFileReference; lastKnownFileType = sourcecode.swift; path = "NSImage+Thumbnail.swift"; sourceTree = "<group>"; };
		0FD329B9ECBE1AC0C429C1D2 /* CodeFormattingTransforms.swift */ = {isa = PBXFileReference; lastKnownFileType = sourcecode.swift; path = CodeFormattingTransforms.swift; sourceTree = "<group>"; };
		10487A359F68EBADF7197135 /* CutCopyPasteApp.swift */ = {isa = PBXFileReference; lastKnownFileType = sourcecode.swift; path = CutCopyPasteApp.swift; sourceTree = "<group>"; };
		1090FC0AA4BEFE151E54E96A /* ClipboardRuleEngine.swift */ = {isa = PBXFileReference; lastKnownFileType = sourcecode.swift; path = ClipboardRuleEngine.swift; sourceTree = "<group>"; };
		134FCD5C6F7866D8F17F60D6 /* ShareServiceTests.swift */ = {isa = PBXFileReference; lastKnownFileType = sourcecode.swift; path = ShareServiceTests.swift; sourceTree = "<group>"; };
		1593A72780E14DFAEC1E3F13 /* SmartCollectionTests.swift */ = {isa = PBXFileReference; lastKnownFileType = sourcecode.swift; path = SmartCollectionTests.swift; sourceTree = "<group>"; };
		17B73D42C9249B878458B6D6 /* RenderedMarkdownView.swift */ = {isa = PBXFileReference; lastKnownFileType = sourcecode.swift; path = RenderedMarkdownView.swift; sourceTree = "<group>"; };
		19B2EA139EAD5CA4759165E1 /* XMLTransform.swift */ = {isa = PBXFileReference; lastKnownFileType = sourcecode.swift; path = XMLTransform.swift; sourceTree = "<group>"; };
		19EE0EF052C903D625479749 /* AboutSettingsView.swift */ = {isa = PBXFileReference; lastKnownFileType = sourcecode.swift; path = AboutSettingsView.swift; sourceTree = "<group>"; };
		1EC9BB3B0C0AD9D3040FD3C0 /* TransformTests.swift */ = {isa = PBXFileReference; lastKnownFileType = sourcecode.swift; path = TransformTests.swift; sourceTree = "<group>"; };
		20D4AFACFF3D46BB7A178BD4 /* EmptyStateView.swift */ = {isa = PBXFileReference; lastKnownFileType = sourcecode.swift; path = EmptyStateView.swift; sourceTree = "<group>"; };
		2386215C3A60CC8B83B274B2 /* StorageService.swift */ = {isa = PBXFileReference; lastKnownFileType = sourcecode.swift; path = StorageService.swift; sourceTree = "<group>"; };
		2A2A3B4AFBADD91A29A726A3 /* HoverPreviewPanel.swift */ = {isa = PBXFileReference; lastKnownFileType = sourcecode.swift; path = HoverPreviewPanel.swift; sourceTree = "<group>"; };
		2CCC4BAEB520FAF8D668C2DE /* TimeGrouper.swift */ = {isa = PBXFileReference; lastKnownFileType = sourcecode.swift; path = TimeGrouper.swift; sourceTree = "<group>"; };
		2E57F3E761694DBC0E81EFE8 /* WorkspaceDetector.swift */ = {isa = PBXFileReference; lastKnownFileType = sourcecode.swift; path = WorkspaceDetector.swift; sourceTree = "<group>"; };
		3047601BF64BF9E90A391508 /* CLIStorageService.swift */ = {isa = PBXFileReference; lastKnownFileType = sourcecode.swift; path = CLIStorageService.swift; sourceTree = "<group>"; };
		311D123CC05C1AA6722AFD21 /* OrderedCache.swift */ = {isa = PBXFileReference; lastKnownFileType = sourcecode.swift; path = OrderedCache.swift; sourceTree = "<group>"; };
		33DAD0030E167B5E78115D96 /* TransformService.swift */ = {isa = PBXFileReference; lastKnownFileType = sourcecode.swift; path = TransformService.swift; sourceTree = "<group>"; };
		34D72D044C186834C9218713 /* Assets.xcassets */ = {isa = PBXFileReference; lastKnownFileType = folder.assetcatalog; path = Assets.xcassets; sourceTree = "<group>"; };
		3614CF7A5CE97D969C262985 /* ClipboardItemType.swift */ = {isa = PBXFileReference; lastKnownFileType = sourcecode.swift; path = ClipboardItemType.swift; sourceTree = "<group>"; };
		38E961937EF27BC9250137D1 /* OCRResultView.swift */ = {isa = PBXFileReference; lastKnownFileType = sourcecode.swift; path = OCRResultView.swift; sourceTree = "<group>"; };
		39D369A5BA9EC495B6915FFF /* RulesSettingsView.swift */ = {isa = PBXFileReference; lastKnownFileType = sourcecode.swift; path = RulesSettingsView.swift; sourceTree = "<group>"; };
		39FABB4ADDD77A7325823145 /* WorkspaceFilterView.swift */ = {isa = PBXFileReference; lastKnownFileType = sourcecode.swift; path = WorkspaceFilterView.swift; sourceTree = "<group>"; };
		3AF7893D3BEE8A21438AAB68 /* ExclusionListTests.swift */ = {isa = PBXFileReference; lastKnownFileType = sourcecode.swift; path = ExclusionListTests.swift; sourceTree = "<group>"; };
		3D73EC9943A1B4FB4C6A1B09 /* UserPreferencesTests.swift */ = {isa = PBXFileReference; lastKnownFileType = sourcecode.swift; path = UserPreferencesTests.swift; sourceTree = "<group>"; };
		41145C8F1AADDC66DC1B87FD /* SyntaxHighlighterTests.swift */ = {isa = PBXFileReference; lastKnownFileType = sourcecode.swift; path = SyntaxHighlighterTests.swift; sourceTree = "<group>"; };
		443B68879F93D02EF4A3129F /* SnippetFolderManagerView.swift */ = {isa = PBXFileReference; lastKnownFileType = sourcecode.swift; path = SnippetFolderManagerView.swift; sourceTree = "<group>"; };
		47CF1DF4BA9CBE4BAD534C30 /* SnippetListView.swift */ = {isa = PBXFileReference; lastKnownFileType = sourcecode.swift; path = SnippetListView.swift; sourceTree = "<group>"; };
		4A6B448803A544E5069DC00A /* CCPCommand.swift */ = {isa = PBXFileReference; lastKnownFileType = sourcecode.swift; path = CCPCommand.swift; sourceTree = "<group>"; };
		4C7165375CBC85C9E6B9E395 /* SyntaxHighlighter.swift */ = {isa = PBXFileReference; lastKnownFileType = sourcecode.swift; path = SyntaxHighlighter.swift; sourceTree = "<group>"; };
		4EEB4EB0A06E0EC2D5FCBC1A /* SnippetService.swift */ = {isa = PBXFileReference; lastKnownFileType = sourcecode.swift; path = SnippetService.swift; sourceTree = "<group>"; };
		508908ACC34C3F3D723ED394 /* SQLTransform.swift */ = {isa = PBXFileReference; lastKnownFileType = sourcecode.swift; path = SQLTransform.swift; sourceTree = "<group>"; };
		5119E9329121073E147597CC /* ClipboardItem.swift */ = {isa = PBXFileReference; lastKnownFileType = sourcecode.swift; path = ClipboardItem.swift; sourceTree = "<group>"; };
		520587C3C3DDD60E777460D2 /* ClipboardRule.swift */ = {isa = PBXFileReference; lastKnownFileType = sourcecode.swift; path = ClipboardRule.swift; sourceTree = "<group>"; };
		5A58128E053DE0C561BE9B97 /* SensitiveDataDetector.swift */ = {isa = PBXFileReference; lastKnownFileType = sourcecode.swift; path = SensitiveDataDetector.swift; sourceTree = "<group>"; };
		5BFF7AB5E99B0F0F177B8B71 /* AnalyticsDashboardView.swift */ = {isa = PBXFileReference; lastKnownFileType = sourcecode.swift; path = AnalyticsDashboardView.swift; sourceTree = "<group>"; };
		5F48D0FF7ABF86EFF96C7D37 /* TimeGrouperTests.swift */ = {isa = PBXFileReference; lastKnownFileType = sourcecode.swift; path = TimeGrouperTests.swift; sourceTree = "<group>"; };
		5FA09ACD9FCE2B372DFC8D37 /* MarkdownRenderer.swift */ = {isa = PBXFileReference; lastKnownFileType = sourcecode.swift; path = MarkdownRenderer.swift; sourceTree = "<group>"; };
		5FEE92AA6767DAC745DE2553 /* ShareService.swift */ = {isa = PBXFileReference; lastKnownFileType = sourcecode.swift; path = ShareService.swift; sourceTree = "<group>"; };
		642960C4F3BC2CEEE10AE9C7 /* SnippetTests.swift */ = {isa = PBXFileReference; lastKnownFileType = sourcecode.swift; path = SnippetTests.swift; sourceTree = "<group>"; };
		6525C986086985D19217F2E7 /* CutCopyPasteTests.swift */ = {isa = PBXFileReference; lastKnownFileType = sourcecode.swift; path = CutCopyPasteTests.swift; sourceTree = "<group>"; };
		68801E8F16D5F0B146B4EF18 /* DiffEngine.swift */ = {isa = PBXFileReference; lastKnownFileType = sourcecode.swift; path = DiffEngine.swift; sourceTree = "<group>"; };
		69EC50B3E2ED6DC2C7BBCD80 /* ItemDetailView.swift */ = {isa = PBXFileReference; lastKnownFileType = sourcecode.swift; path = ItemDetailView.swift; sourceTree = "<group>"; };
		6A615E2D13CC6175CDC64A8D /* PastePlainButton.swift */ = {isa = PBXFileReference; lastKnownFileType = sourcecode.swift; path = PastePlainButton.swift; sourceTree = "<group>"; };
		6CA68093039FCF6E0876A38D /* CutCopyPasteTests.xctest */ = {isa = PBXFileReference; explicitFileType = wrapper.cfbundle; includeInIndex = 0; path = CutCopyPasteTests.xctest; sourceTree = BUILT_PRODUCTS_DIR; };
		6CD632CDFD54247EDE56A64B /* ClipboardItem+Transferable.swift */ = {isa = PBXFileReference; lastKnownFileType = sourcecode.swift; path = "ClipboardItem+Transferable.swift"; sourceTree = "<group>"; };
		6FADBB9CBB04D93CED7A0731 /* SecuritySettingsView.swift */ = {isa = PBXFileReference; lastKnownFileType = sourcecode.swift; path = SecuritySettingsView.swift; sourceTree = "<group>"; };
		70BA09BA787CFADDB55BB82C /* GeneralSettingsView.swift */ = {isa = PBXFileReference; lastKnownFileType = sourcecode.swift; path = GeneralSettingsView.swift; sourceTree = "<group>"; };
		740793F5B40B691AF75C3A9A /* ExclusionsSettingsView.swift */ = {isa = PBXFileReference; lastKnownFileType = sourcecode.swift; path = ExclusionsSettingsView.swift; sourceTree = "<group>"; };
		75D45C780BA24F7F291FB901 /* TypeBadge.swift */ = {isa = PBXFileReference; lastKnownFileType = sourcecode.swift; path = TypeBadge.swift; sourceTree = "<group>"; };
		7719C0ABB1F59131E900E650 /* CopiesChartView.swift */ = {isa = PBXFileReference; lastKnownFileType = sourcecode.swift; path = CopiesChartView.swift; sourceTree = "<group>"; };
		77D06CEA679082E0C487AC40 /* SnippetFillInView.swift */ = {isa = PBXFileReference; lastKnownFileType = sourcecode.swift; path = SnippetFillInView.swift; sourceTree = "<group>"; };
		786E899836D329FD49018B9E /* UpdaterService.swift */ = {isa = PBXFileReference; lastKnownFileType = sourcecode.swift; path = UpdaterService.swift; sourceTree = "<group>"; };
		7B5AF3CC6E7C41C01E584B1C /* OnboardingView.swift */ = {isa = PBXFileReference; lastKnownFileType = sourcecode.swift; path = OnboardingView.swift; sourceTree = "<group>"; };
		7E583957A4D84097A895CCC3 /* PopoverContentView.swift */ = {isa = PBXFileReference; lastKnownFileType = sourcecode.swift; path = PopoverContentView.swift; sourceTree = "<group>"; };
		82424347580C7F76F2351213 /* ClipboardItemSnapshot.swift */ = {isa = PBXFileReference; lastKnownFileType = sourcecode.swift; path = ClipboardItemSnapshot.swift; sourceTree = "<group>"; };
		82A3C27351D0F1E4F922E477 /* CutCopyPaste.app */ = {isa = PBXFileReference; explicitFileType = wrapper.application; includeInIndex = 0; path = CutCopyPaste.app; sourceTree = BUILT_PRODUCTS_DIR; };
		88FA047F9E184FDCAC4B2ADA /* Data+Compression.swift */ = {isa = PBXFileReference; lastKnownFileType = sourcecode.swift; path = "Data+Compression.swift"; sourceTree = "<group>"; };
		89355611BB3D7678D125EB82 /* PinButton.swift */ = {isa = PBXFileReference; lastKnownFileType = sourcecode.swift; path = PinButton.swift; sourceTree = "<group>"; };
		8F5D17E922C3114AD9F7086B /* AppState.swift */ = {isa = PBXFileReference; lastKnownFileType = sourcecode.swift; path = AppState.swift; sourceTree = "<group>"; };
		8FD4BBAB2DF5294DC4671F0A /* DiffView.swift */ = {isa = PBXFileReference; lastKnownFileType = sourcecode.swift; path = DiffView.swift; sourceTree = "<group>"; };
		91CFBAB56E17D3F2008ECFAB /* ContentAnalyzer.swift */ = {isa = PBXFileReference; lastKnownFileType = sourcecode.swift; path = ContentAnalyzer.swift; sourceTree = "<group>"; };
		920DB4721FE5066E6600D19E /* Constants.swift */ = {isa = PBXFileReference; lastKnownFileType = sourcecode.swift; path = Constants.swift; sourceTree = "<group>"; };
		9248F5586D04321845CCC07E /* HoverPreviewWindowController.swift */ = {isa = PBXFileReference; lastKnownFileType = sourcecode.swift; path = HoverPreviewWindowController.swift; sourceTree = "<group>"; };
		93834C7E549C325DE6937085 /* MarkdownRendererTests.swift */ = {isa = PBXFileReference; lastKnownFileType = sourcecode.swift; path = MarkdownRendererTests.swift; sourceTree = "<group>"; };
		94C6D1ADFF382B4BAA355EA8 /* SmartCollectionService.swift */ = {isa = PBXFileReference; lastKnownFileType = sourcecode.swift; path = SmartCollectionService.swift; sourceTree = "<group>"; };
		952F24FE44F18B4A5E0F91B0 /* QuickActionService.swift */ = {isa = PBXFileReference; lastKnownFileType = sourcecode.swift; path = QuickActionService.swift; sourceTree = "<group>"; };
		961ADB8D8943E416729E9B5D /* CurlTransform.swift */ = {isa = PBXFileReference; lastKnownFileType = sourcecode.swift; path = CurlTransform.swift; sourceTree = "<group>"; };
		97003470420E4FFD35444D2C /* CopyFormatTests.swift */ = {isa = PBXFileReference; lastKnownFileType = sourcecode.swift; path = CopyFormatTests.swift; sourceTree = "<group>"; };
		973EE5E08F3F689476DB8162 /* SnippetFolder.swift */ = {isa = PBXFileReference; lastKnownFileType = sourcecode.swift; path = SnippetFolder.swift; sourceTree = "<group>"; };
		99B37D189CC0483D053CF4AB /* JSONTransforms.swift */ = {isa = PBXFileReference; lastKnownFileType = sourcecode.swift; path = JSONTransforms.swift; sourceTree = "<group>"; };
		9A9663D8AEF63B4DD0D2C778 /* TextSummarizerTests.swift */ = {isa = PBXFileReference; lastKnownFileType = sourcecode.swift; path = TextSummarizerTests.swift; sourceTree = "<group>"; };
		9E931BD054C062700D056AF5 /* SmartCollection.swift */ = {isa = PBXFileReference; lastKnownFileType = sourcecode.swift; path = SmartCollection.swift; sourceTree = "<group>"; };
		A2F98756C42CAE8A1433E3AA /* CutCopyPasteCLI */ = {isa = PBXFileReference; includeInIndex = 0; path = CutCopyPasteCLI; sourceTree = BUILT_PRODUCTS_DIR; };
		A93101BB97B900E0AB9A0C18 /* SnippetEditorView.swift */ = {isa = PBXFileReference; lastKnownFileType = sourcecode.swift; path = SnippetEditorView.swift; sourceTree = "<group>"; };
		AA37EC83696A28A687B2E343 /* AppearanceSettingsView.swift */ = {isa = PBXFileReference; lastKnownFileType = sourcecode.swift; path = AppearanceSettingsView.swift; sourceTree = "<group>"; };
		AB81BC30E5D8040E9B3437F9 /* AnalyticsService.swift */ = {isa = PBXFileReference; lastKnownFileType = sourcecode.swift; path = AnalyticsService.swift; sourceTree = "<group>"; };
		AC15C1F77BAD39774C1AA49D /* ExclusionListManager.swift */ = {isa = PBXFileReference; lastKnownFileType = sourcecode.swift; path = ExclusionListManager.swift; sourceTree = "<group>"; };
		B015D74D3CD36CBB92793FB1 /* ClipboardItemRow.swift */ = {isa = PBXFileReference; lastKnownFileType = sourcecode.swift; path = ClipboardItemRow.swift; sourceTree = "<group>"; };
		B1C9943F5C991538A46C45F4 /* ClipboardListView.swift */ = {isa = PBXFileReference; lastKnownFileType = sourcecode.swift; path = ClipboardListView.swift; sourceTree = "<group>"; };
		B33017664958D3D2DB5C36CE /* SmartCollectionsView.swift */ = {isa = PBXFileReference; lastKnownFileType = sourcecode.swift; path = SmartCollectionsView.swift; sourceTree = "<group>"; };
		B447583BEE1A08602A4FD373 /* QuickActionTests.swift */ = {isa = PBXFileReference; lastKnownFileType = sourcecode.swift; path = QuickActionTests.swift; sourceTree = "<group>"; };
		B66898F1B2F0B20773F034E4 /* Date+Formatting.swift */ = {isa = PBXFileReference; lastKnownFileType = sourcecode.swift; path = "Date+Formatting.swift"; sourceTree = "<group>"; };
		B7A9532214AEDD5A0411CB42 /* Snippet.swift */ = {isa = PBXFileReference; lastKnownFileType = sourcecode.swift; path = Snippet.swift; sourceTree = "<group>"; };
		B99A93EE4124D5735F769F0F /* SemanticSearchService.swift */ = {isa = PBXFileReference; lastKnownFileType = sourcecode.swift; path = SemanticSearchService.swift; sourceTree = "<group>"; };
		BD8D0DCFA9E7290BB9DE9AB2 /* ClipboardMonitor.swift */ = {isa = PBXFileReference; lastKnownFileType = sourcecode.swift; path = ClipboardMonitor.swift; sourceTree = "<group>"; };
		BE57BAE521DA4947AC2A76E1 /* UserPreferences.swift */ = {isa = PBXFileReference; lastKnownFileType = sourcecode.swift; path = UserPreferences.swift; sourceTree = "<group>"; };
		BF0FC28A94D8EF35B411BEAB /* KeyboardShortcutManager.swift */ = {isa = PBXFileReference; lastKnownFileType = sourcecode.swift; path = KeyboardShortcutManager.swift; sourceTree = "<group>"; };
		C061AA473E862A46CF3ADEAB /* String+Truncation.swift */ = {isa = PBXFileReference; lastKnownFileType = sourcecode.swift; path = "String+Truncation.swift"; sourceTree = "<group>"; };
		C9B93FC09068CBC151FAA144 /* StatCardView.swift */ = {isa = PBXFileReference; lastKnownFileType = sourcecode.swift; path = StatCardView.swift; sourceTree = "<group>"; };
		D0D4A6F6011C07F68D467114 /* NaturalLanguageSearchTests.swift */ = {isa = PBXFileReference; lastKnownFileType = sourcecode.swift; path = NaturalLanguageSearchTests.swift; sourceTree = "<group>"; };
		D5916C1F0C1EA88255307CAC /* MarkdownTransform.swift */ = {isa = PBXFileReference; lastKnownFileType = sourcecode.swift; path = MarkdownTransform.swift; sourceTree = "<group>"; };
		D59EDF39A2A6B1A057F9DBE0 /* SyntaxHighlightedText.swift */ = {isa = PBXFileReference; lastKnownFileType = sourcecode.swift; path = SyntaxHighlightedText.swift; sourceTree = "<group>"; };
		D74AF4DF48DDA693E7C41544 /* LLMSearchService.swift */ = {isa = PBXFileReference; lastKnownFileType = sourcecode.swift; path = LLMSearchService.swift; sourceTree = "<group>"; };
		DE67BAA65A332C5C52CA0347 /* DeleteButton.swift */ = {isa = PBXFileReference; lastKnownFileType = sourcecode.swift; path = DeleteButton.swift; sourceTree = "<group>"; };
		E04EC2D72122694D96129D8A /* ShortcutsSettingsView.swift */ = {isa = PBXFileReference; lastKnownFileType = sourcecode.swift; path = ShortcutsSettingsView.swift; sourceTree = "<group>"; };
		E1F9BC984102702EECA6A4FC /* OCRService.swift */ = {isa = PBXFileReference; lastKnownFileType = sourcecode.swift; path = OCRService.swift; sourceTree = "<group>"; };
		E34B9A0919F54A2B893214FB /* ColorTransforms.swift */ = {isa = PBXFileReference; lastKnownFileType = sourcecode.swift; path = ColorTransforms.swift; sourceTree = "<group>"; };
		E52A58FEE4D2E98F5D354C13 /* CopyButton.swift */ = {isa = PBXFileReference; lastKnownFileType = sourcecode.swift; path = CopyButton.swift; sourceTree = "<group>"; };
		E759CD1780B373A2C79D165B /* CategoryTabBar.swift */ = {isa = PBXFileReference; lastKnownFileType = sourcecode.swift; path = CategoryTabBar.swift; sourceTree = "<group>"; };
		ED5305C90E3CBD8C4EA34353 /* SensitiveDataDetectorTests.swift */ = {isa = PBXFileReference; lastKnownFileType = sourcecode.swift; path = SensitiveDataDetectorTests.swift; sourceTree = "<group>"; };
		EE058F38D24D900772DF78B7 /* SettingsView.swift */ = {isa = PBXFileReference; lastKnownFileType = sourcecode.swift; path = SettingsView.swift; sourceTree = "<group>"; };
		F2BD304E8791FFBE8FB5F46D /* ContentTypePieChart.swift */ = {isa = PBXFileReference; lastKnownFileType = sourcecode.swift; path = ContentTypePieChart.swift; sourceTree = "<group>"; };
		F3BFDA6891CD0B0121EF25DE /* SearchBarView.swift */ = {isa = PBXFileReference; lastKnownFileType = sourcecode.swift; path = SearchBarView.swift; sourceTree = "<group>"; };
		F970B70000931A80DB9E862E /* NaturalLanguageSearchService.swift */ = {isa = PBXFileReference; lastKnownFileType = sourcecode.swift; path = NaturalLanguageSearchService.swift; sourceTree = "<group>"; };
		FB2E90D0A392B62AB8A26D5A /* TextSummarizer.swift */ = {isa = PBXFileReference; lastKnownFileType = sourcecode.swift; path = TextSummarizer.swift; sourceTree = "<group>"; };
		FE02D817F7E8F1EBDD9C64C7 /* DiffEngineTests.swift */ = {isa = PBXFileReference; lastKnownFileType = sourcecode.swift; path = DiffEngineTests.swift; sourceTree = "<group>"; };
		FF2943F822543BF59509CF4C /* RuleEditorView.swift */ = {isa = PBXFileReference; lastKnownFileType = sourcecode.swift; path = RuleEditorView.swift; sourceTree = "<group>"; };
/* End PBXFileReference section */

/* Begin PBXFrameworksBuildPhase section */
		6243F8B134476A96F6A07E85 /* Frameworks */ = {
			isa = PBXFrameworksBuildPhase;
			buildActionMask = 2147483647;
			files = (
				29110A218ABBAF713BBA8FFA /* ArgumentParser in Frameworks */,
			);
			runOnlyForDeploymentPostprocessing = 0;
		};
		66EDBAF6794B057EEEDF177A /* Frameworks */ = {
			isa = PBXFrameworksBuildPhase;
			buildActionMask = 2147483647;
			files = (
				C595C307BFD97BEF611C4722 /* Sparkle in Frameworks */,
			);
			runOnlyForDeploymentPostprocessing = 0;
		};
/* End PBXFrameworksBuildPhase section */

/* Begin PBXGroup section */
		01F9558E03338397B382A67D /* CutCopyPaste */ = {
			isa = PBXGroup;
			children = (
				75130E2D8992AD3A80D17E3D /* App */,
				3FCD44B3085DD0D30B03F00B /* Extensions */,
				80B2B348EB59A0B56DFC8A5C /* Models */,
				587E504C3B392D17794C88D0 /* Resources */,
				ACB3D3F2E8CD639AA669968C /* Services */,
				AC49230D8EB53E1031A810A2 /* Utilities */,
				57D7596137335890014CD75F /* Views */,
			);
			path = CutCopyPaste;
			sourceTree = "<group>";
		};
		112FE80533CE359829CB9CF4 /* Analytics */ = {
			isa = PBXGroup;
			children = (
				5BFF7AB5E99B0F0F177B8B71 /* AnalyticsDashboardView.swift */,
				F2BD304E8791FFBE8FB5F46D /* ContentTypePieChart.swift */,
				7719C0ABB1F59131E900E650 /* CopiesChartView.swift */,
				C9B93FC09068CBC151FAA144 /* StatCardView.swift */,
			);
			path = Analytics;
			sourceTree = "<group>";
		};
		1B6B954AE86BA208FE4D1B35 /* CutCopyPasteCLI */ = {
			isa = PBXGroup;
			children = (
				4A6B448803A544E5069DC00A /* CCPCommand.swift */,
				3047601BF64BF9E90A391508 /* CLIStorageService.swift */,
			);
			path = CutCopyPasteCLI;
			sourceTree = "<group>";
		};
		1E2B68B8A514206F65BD1DD4 /* Transforms */ = {
			isa = PBXGroup;
			children = (
				02710B0C3F43F374853F7AEC /* CaseTransforms.swift */,
				0FD329B9ECBE1AC0C429C1D2 /* CodeFormattingTransforms.swift */,
				E34B9A0919F54A2B893214FB /* ColorTransforms.swift */,
				961ADB8D8943E416729E9B5D /* CurlTransform.swift */,
				06FABFEAEC0ED7A44636168E /* EncodingTransforms.swift */,
				99B37D189CC0483D053CF4AB /* JSONTransforms.swift */,
				D5916C1F0C1EA88255307CAC /* MarkdownTransform.swift */,
				508908ACC34C3F3D723ED394 /* SQLTransform.swift */,
				19B2EA139EAD5CA4759165E1 /* XMLTransform.swift */,
			);
			path = Transforms;
			sourceTree = "<group>";
		};
		37C7063C5A92E4587B3D0B13 /* Components */ = {
			isa = PBXGroup;
			children = (
				0200C3C0FCBF961737D50424 /* ActionsMenu.swift */,
				E52A58FEE4D2E98F5D354C13 /* CopyButton.swift */,
				DE67BAA65A332C5C52CA0347 /* DeleteButton.swift */,
				20D4AFACFF3D46BB7A178BD4 /* EmptyStateView.swift */,
				6A615E2D13CC6175CDC64A8D /* PastePlainButton.swift */,
				89355611BB3D7678D125EB82 /* PinButton.swift */,
				17B73D42C9249B878458B6D6 /* RenderedMarkdownView.swift */,
				0E1754CDE60105269A84787A /* SensitiveDataBadge.swift */,
				D59EDF39A2A6B1A057F9DBE0 /* SyntaxHighlightedText.swift */,
				75D45C780BA24F7F291FB901 /* TypeBadge.swift */,
			);
			path = Components;
			sourceTree = "<group>";
		};
		3FB98F5A4C885941638B9299 = {
			isa = PBXGroup;
			children = (
				01F9558E03338397B382A67D /* CutCopyPaste */,
				1B6B954AE86BA208FE4D1B35 /* CutCopyPasteCLI */,
				C60A3D1BE05BAFDD17950435 /* CutCopyPasteTests */,
				E6F997CC622498C8EEA69FF0 /* Products */,
			);
			sourceTree = "<group>";
		};
		3FCD44B3085DD0D30B03F00B /* Extensions */ = {
			isa = PBXGroup;
			children = (
				6CD632CDFD54247EDE56A64B /* ClipboardItem+Transferable.swift */,
				88FA047F9E184FDCAC4B2ADA /* Data+Compression.swift */,
				B66898F1B2F0B20773F034E4 /* Date+Formatting.swift */,
				0E20FFAE94A1AEE9DCAE3D60 /* NSImage+Thumbnail.swift */,
				C061AA473E862A46CF3ADEAB /* String+Truncation.swift */,
			);
			path = Extensions;
			sourceTree = "<group>";
		};
		57D7596137335890014CD75F /* Views */ = {
			isa = PBXGroup;
			children = (
				112FE80533CE359829CB9CF4 /* Analytics */,
				37C7063C5A92E4587B3D0B13 /* Components */,
				75270282D5F166ABC33E4313 /* MainPopover */,
				B11BCF5363B863EE4EB485BA /* Onboarding */,
				D673211D11DBC5D84ED52FAE /* Settings */,
				63593B457E8F92FE53779D04 /* Snippets */,
			);
			path = Views;
			sourceTree = "<group>";
		};
		587E504C3B392D17794C88D0 /* Resources */ = {
			isa = PBXGroup;
			children = (
				34D72D044C186834C9218713 /* Assets.xcassets */,
			);
			path = Resources;
			sourceTree = "<group>";
		};
		63593B457E8F92FE53779D04 /* Snippets */ = {
			isa = PBXGroup;
			children = (
				A93101BB97B900E0AB9A0C18 /* SnippetEditorView.swift */,
				77D06CEA679082E0C487AC40 /* SnippetFillInView.swift */,
				443B68879F93D02EF4A3129F /* SnippetFolderManagerView.swift */,
				47CF1DF4BA9CBE4BAD534C30 /* SnippetListView.swift */,
			);
			path = Snippets;
			sourceTree = "<group>";
		};
		75130E2D8992AD3A80D17E3D /* App */ = {
			isa = PBXGroup;
			children = (
				8F5D17E922C3114AD9F7086B /* AppState.swift */,
				10487A359F68EBADF7197135 /* CutCopyPasteApp.swift */,
			);
			path = App;
			sourceTree = "<group>";
		};
		75270282D5F166ABC33E4313 /* MainPopover */ = {
			isa = PBXGroup;
			children = (
				E759CD1780B373A2C79D165B /* CategoryTabBar.swift */,
				B015D74D3CD36CBB92793FB1 /* ClipboardItemRow.swift */,
				B1C9943F5C991538A46C45F4 /* ClipboardListView.swift */,
				8FD4BBAB2DF5294DC4671F0A /* DiffView.swift */,
				2A2A3B4AFBADD91A29A726A3 /* HoverPreviewPanel.swift */,
				9248F5586D04321845CCC07E /* HoverPreviewWindowController.swift */,
				69EC50B3E2ED6DC2C7BBCD80 /* ItemDetailView.swift */,
				38E961937EF27BC9250137D1 /* OCRResultView.swift */,
				7E583957A4D84097A895CCC3 /* PopoverContentView.swift */,
				F3BFDA6891CD0B0121EF25DE /* SearchBarView.swift */,
				B33017664958D3D2DB5C36CE /* SmartCollectionsView.swift */,
				0C6D364E9F29FAFE21B13CD9 /* TransformResultView.swift */,
				39FABB4ADDD77A7325823145 /* WorkspaceFilterView.swift */,
			);
			path = MainPopover;
			sourceTree = "<group>";
		};
		80B2B348EB59A0B56DFC8A5C /* Models */ = {
			isa = PBXGroup;
			children = (
				5119E9329121073E147597CC /* ClipboardItem.swift */,
				82424347580C7F76F2351213 /* ClipboardItemSnapshot.swift */,
				3614CF7A5CE97D969C262985 /* ClipboardItemType.swift */,
				520587C3C3DDD60E777460D2 /* ClipboardRule.swift */,
				9E931BD054C062700D056AF5 /* SmartCollection.swift */,
				B7A9532214AEDD5A0411CB42 /* Snippet.swift */,
				973EE5E08F3F689476DB8162 /* SnippetFolder.swift */,
				BE57BAE521DA4947AC2A76E1 /* UserPreferences.swift */,
			);
			path = Models;
			sourceTree = "<group>";
		};
		AC49230D8EB53E1031A810A2 /* Utilities */ = {
			isa = PBXGroup;
			children = (
				920DB4721FE5066E6600D19E /* Constants.swift */,
				311D123CC05C1AA6722AFD21 /* OrderedCache.swift */,
				2CCC4BAEB520FAF8D668C2DE /* TimeGrouper.swift */,
			);
			path = Utilities;
			sourceTree = "<group>";
		};
		ACB3D3F2E8CD639AA669968C /* Services */ = {
			isa = PBXGroup;
			children = (
				AB81BC30E5D8040E9B3437F9 /* AnalyticsService.swift */,
				BD8D0DCFA9E7290BB9DE9AB2 /* ClipboardMonitor.swift */,
				1090FC0AA4BEFE151E54E96A /* ClipboardRuleEngine.swift */,
				91CFBAB56E17D3F2008ECFAB /* ContentAnalyzer.swift */,
				68801E8F16D5F0B146B4EF18 /* DiffEngine.swift */,
				AC15C1F77BAD39774C1AA49D /* ExclusionListManager.swift */,
				BF0FC28A94D8EF35B411BEAB /* KeyboardShortcutManager.swift */,
				D74AF4DF48DDA693E7C41544 /* LLMSearchService.swift */,
				5FA09ACD9FCE2B372DFC8D37 /* MarkdownRenderer.swift */,
				F970B70000931A80DB9E862E /* NaturalLanguageSearchService.swift */,
				E1F9BC984102702EECA6A4FC /* OCRService.swift */,
				952F24FE44F18B4A5E0F91B0 /* QuickActionService.swift */,
				B99A93EE4124D5735F769F0F /* SemanticSearchService.swift */,
				5A58128E053DE0C561BE9B97 /* SensitiveDataDetector.swift */,
				5FEE92AA6767DAC745DE2553 /* ShareService.swift */,
				94C6D1ADFF382B4BAA355EA8 /* SmartCollectionService.swift */,
				4EEB4EB0A06E0EC2D5FCBC1A /* SnippetService.swift */,
				2386215C3A60CC8B83B274B2 /* StorageService.swift */,
				4C7165375CBC85C9E6B9E395 /* SyntaxHighlighter.swift */,
				FB2E90D0A392B62AB8A26D5A /* TextSummarizer.swift */,
				33DAD0030E167B5E78115D96 /* TransformService.swift */,
				786E899836D329FD49018B9E /* UpdaterService.swift */,
				2E57F3E761694DBC0E81EFE8 /* WorkspaceDetector.swift */,
				1E2B68B8A514206F65BD1DD4 /* Transforms */,
			);
			path = Services;
			sourceTree = "<group>";
		};
		B11BCF5363B863EE4EB485BA /* Onboarding */ = {
			isa = PBXGroup;
			children = (
				7B5AF3CC6E7C41C01E584B1C /* OnboardingView.swift */,
			);
			path = Onboarding;
			sourceTree = "<group>";
		};
		C60A3D1BE05BAFDD17950435 /* CutCopyPasteTests */ = {
			isa = PBXGroup;
			children = (
				02B205443082BD3D3E97190E /* ContentAnalyzerTests.swift */,
				97003470420E4FFD35444D2C /* CopyFormatTests.swift */,
				6525C986086985D19217F2E7 /* CutCopyPasteTests.swift */,
				FE02D817F7E8F1EBDD9C64C7 /* DiffEngineTests.swift */,
				3AF7893D3BEE8A21438AAB68 /* ExclusionListTests.swift */,
				93834C7E549C325DE6937085 /* MarkdownRendererTests.swift */,
				D0D4A6F6011C07F68D467114 /* NaturalLanguageSearchTests.swift */,
				00D096A99F4E944B08AF694E /* OCRServiceTests.swift */,
				B447583BEE1A08602A4FD373 /* QuickActionTests.swift */,
				ED5305C90E3CBD8C4EA34353 /* SensitiveDataDetectorTests.swift */,
				134FCD5C6F7866D8F17F60D6 /* ShareServiceTests.swift */,
				1593A72780E14DFAEC1E3F13 /* SmartCollectionTests.swift */,
				642960C4F3BC2CEEE10AE9C7 /* SnippetTests.swift */,
				41145C8F1AADDC66DC1B87FD /* SyntaxHighlighterTests.swift */,
				9A9663D8AEF63B4DD0D2C778 /* TextSummarizerTests.swift */,
				5F48D0FF7ABF86EFF96C7D37 /* TimeGrouperTests.swift */,
				1EC9BB3B0C0AD9D3040FD3C0 /* TransformTests.swift */,
				3D73EC9943A1B4FB4C6A1B09 /* UserPreferencesTests.swift */,
			);
			path = CutCopyPasteTests;
			sourceTree = "<group>";
		};
		D673211D11DBC5D84ED52FAE /* Settings */ = {
			isa = PBXGroup;
			children = (
				19EE0EF052C903D625479749 /* AboutSettingsView.swift */,
				AA37EC83696A28A687B2E343 /* AppearanceSettingsView.swift */,
				740793F5B40B691AF75C3A9A /* ExclusionsSettingsView.swift */,
				70BA09BA787CFADDB55BB82C /* GeneralSettingsView.swift */,
				FF2943F822543BF59509CF4C /* RuleEditorView.swift */,
				39D369A5BA9EC495B6915FFF /* RulesSettingsView.swift */,
				6FADBB9CBB04D93CED7A0731 /* SecuritySettingsView.swift */,
				EE058F38D24D900772DF78B7 /* SettingsView.swift */,
				E04EC2D72122694D96129D8A /* ShortcutsSettingsView.swift */,
			);
			path = Settings;
			sourceTree = "<group>";
		};
		E6F997CC622498C8EEA69FF0 /* Products */ = {
			isa = PBXGroup;
			children = (
				82A3C27351D0F1E4F922E477 /* CutCopyPaste.app */,
				A2F98756C42CAE8A1433E3AA /* CutCopyPasteCLI */,
				6CA68093039FCF6E0876A38D /* CutCopyPasteTests.xctest */,
			);
			name = Products;
			sourceTree = "<group>";
		};
/* End PBXGroup section */

/* Begin PBXNativeTarget section */
		53F685C097FD25A0B654633C /* CutCopyPasteCLI */ = {
			isa = PBXNativeTarget;
			buildConfigurationList = 38DFE9DD38A41BE5CF36E150 /* Build configuration list for PBXNativeTarget "CutCopyPasteCLI" */;
			buildPhases = (
				6D2652BBA0AAEDBDB10455EB /* Sources */,
				6243F8B134476A96F6A07E85 /* Frameworks */,
			);
			buildRules = (
			);
			dependencies = (
			);
			name = CutCopyPasteCLI;
			packageProductDependencies = (
				0ECE32340E5D49DC10485FFE /* ArgumentParser */,
			);
			productName = CutCopyPasteCLI;
			productReference = A2F98756C42CAE8A1433E3AA /* CutCopyPasteCLI */;
			productType = "com.apple.product-type.tool";
		};
		8775A63AAD53875FD44E1947 /* CutCopyPasteTests */ = {
			isa = PBXNativeTarget;
			buildConfigurationList = 454951E7F7EC84943FD57537 /* Build configuration list for PBXNativeTarget "CutCopyPasteTests" */;
			buildPhases = (
				BE542462C728366E9F875691 /* Sources */,
			);
			buildRules = (
			);
			dependencies = (
				FB30DA3BC2A3FCE7B64BA368 /* PBXTargetDependency */,
			);
			name = CutCopyPasteTests;
			packageProductDependencies = (
			);
			productName = CutCopyPasteTests;
			productReference = 6CA68093039FCF6E0876A38D /* CutCopyPasteTests.xctest */;
			productType = "com.apple.product-type.bundle.unit-test";
		};
		9CE3447BDA08CA7F9AC9F9A0 /* CutCopyPaste */ = {
			isa = PBXNativeTarget;
			buildConfigurationList = EB5DDE2D0B1E1CA9DAA443C7 /* Build configuration list for PBXNativeTarget "CutCopyPaste" */;
			buildPhases = (
				A996617A80F990B97B44C312 /* Sources */,
				0CFF2C8700211AFF6FA8A692 /* Resources */,
				66EDBAF6794B057EEEDF177A /* Frameworks */,
			);
			buildRules = (
			);
			dependencies = (
			);
			name = CutCopyPaste;
			packageProductDependencies = (
				C98617ABFB47B41DF27F253C /* Sparkle */,
			);
			productName = CutCopyPaste;
			productReference = 82A3C27351D0F1E4F922E477 /* CutCopyPaste.app */;
			productType = "com.apple.product-type.application";
		};
/* End PBXNativeTarget section */

/* Begin PBXProject section */
		D4F6CDA3DB78A6B3DEB0BC5D /* Project object */ = {
			isa = PBXProject;
			attributes = {
				BuildIndependentTargetsInParallel = YES;
				LastUpgradeCheck = 2600;
			};
			buildConfigurationList = 3D423E048F05B9F0077A0811 /* Build configuration list for PBXProject "CutCopyPaste" */;
			compatibilityVersion = "Xcode 14.0";
			developmentRegion = en;
			hasScannedForEncodings = 0;
			knownRegions = (
				Base,
				en,
			);
			mainGroup = 3FB98F5A4C885941638B9299;
			minimizedProjectReferenceProxies = 1;
			packageReferences = (
				1B72E648EF936E7E864887FB /* XCRemoteSwiftPackageReference "Sparkle" */,
				6BC488D61452FF425EAEC7AB /* XCRemoteSwiftPackageReference "swift-argument-parser" */,
			);
			preferredProjectObjectVersion = 77;
			projectDirPath = "";
			projectRoot = "";
			targets = (
				9CE3447BDA08CA7F9AC9F9A0 /* CutCopyPaste */,
				53F685C097FD25A0B654633C /* CutCopyPasteCLI */,
				8775A63AAD53875FD44E1947 /* CutCopyPasteTests */,
			);
		};
/* End PBXProject section */

/* Begin PBXResourcesBuildPhase section */
		0CFF2C8700211AFF6FA8A692 /* Resources */ = {
			isa = PBXResourcesBuildPhase;
			buildActionMask = 2147483647;
			files = (
				32B914AC353BF086113C13FD /* Assets.xcassets in Resources */,
			);
			runOnlyForDeploymentPostprocessing = 0;
		};
/* End PBXResourcesBuildPhase section */

/* Begin PBXSourcesBuildPhase section */
		6D2652BBA0AAEDBDB10455EB /* Sources */ = {
			isa = PBXSourcesBuildPhase;
			buildActionMask = 2147483647;
			files = (
				0EFA87C97E516C956098D076 /* CCPCommand.swift in Sources */,
				57FFD417F85D7FFF9F024D34 /* CLIStorageService.swift in Sources */,
				ADDBA29CB78C374CF068ADA8 /* ClipboardItem.swift in Sources */,
				D6194B98A49CD3EBC6C28F28 /* ClipboardItemSnapshot.swift in Sources */,
				CD9776EA3F2A36F075FAFDBE /* ClipboardItemType.swift in Sources */,
				38E8B41A09A36CB7F16907C0 /* ClipboardRule.swift in Sources */,
				F595F64C7618554E0C05234A /* Constants.swift in Sources */,
				3CD80E6AE467389DA83E3721 /* SmartCollection.swift in Sources */,
				A85F12EC10D0B4516CB0A6DC /* Snippet.swift in Sources */,
				3FF355196A29AC2AF065491A /* SnippetFolder.swift in Sources */,
				A1A80C9B988458B5DC507626 /* UserPreferences.swift in Sources */,
			);
			runOnlyForDeploymentPostprocessing = 0;
		};
		A996617A80F990B97B44C312 /* Sources */ = {
			isa = PBXSourcesBuildPhase;
			buildActionMask = 2147483647;
			files = (
				8263E12049827E3295E55F2A /* AboutSettingsView.swift in Sources */,
				9763D667892C336341E85F24 /* ActionsMenu.swift in Sources */,
				F48EE3CD3CC659B9AF3DAFC9 /* AnalyticsDashboardView.swift in Sources */,
				6AA2D0C208C3BFAC1440945B /* AnalyticsService.swift in Sources */,
				CC99F7A242C4F87B0DD8A905 /* AppState.swift in Sources */,
				56D27E60163C61978F1CF70D /* AppearanceSettingsView.swift in Sources */,
				7FDB5BC86979FD740DAE1FFB /* CaseTransforms.swift in Sources */,
				CD91145D32221AE07254C786 /* CategoryTabBar.swift in Sources */,
				98E76CA3728F3628DC868A59 /* ClipboardItem+Transferable.swift in Sources */,
				F89993065A1C730E67E9836A /* ClipboardItem.swift in Sources */,
				7DDCA5A177056A60D1E2E60F /* ClipboardItemRow.swift in Sources */,
				9BF06A732ED6006B804269FE /* ClipboardItemSnapshot.swift in Sources */,
				CDBD777BC111C3A41C3310E6 /* ClipboardItemType.swift in Sources */,
				71CB2E0761398E65868A1416 /* ClipboardListView.swift in Sources */,
				79FBFB4DA240F0728D67B2D3 /* ClipboardMonitor.swift in Sources */,
				5C3D4B4AD67902D292760A13 /* ClipboardRule.swift in Sources */,
				F8DDAFF31735D5C6439D5BF8 /* ClipboardRuleEngine.swift in Sources */,
				66D5A1422AD0C506E4BB58AF /* CodeFormattingTransforms.swift in Sources */,
				3E9AA8EE37DF7371B4F2E9BC /* ColorTransforms.swift in Sources */,
				B26B62D82F0344FA233DE58D /* Constants.swift in Sources */,
				3E9068C4C390270611224805 /* ContentAnalyzer.swift in Sources */,
				F343D1CB66262223B371079E /* ContentTypePieChart.swift in Sources */,
				32D06FCA573AA32AB51C2D7A /* CopiesChartView.swift in Sources */,
				49186A5C5A2AD800E2EABB5F /* CopyButton.swift in Sources */,
				DA7DAE36B3824306688E5FDD /* CurlTransform.swift in Sources */,
				8DD06A3273B0D7BFE70D39EF /* CutCopyPasteApp.swift in Sources */,
				CCA39CCF149DD0A401EF29BE /* Data+Compression.swift in Sources */,
				AB47FD8D0E21CC244A058FF5 /* Date+Formatting.swift in Sources */,
				EFD8FB1C834FD3E0796CF29F /* DeleteButton.swift in Sources */,
				E7E8C881EEAD514331902954 /* DiffEngine.swift in Sources */,
				AED3F2C1FFC42A40F7DA57F0 /* DiffView.swift in Sources */,
				1668E5E9EF08DAE993211A02 /* EmptyStateView.swift in Sources */,
				05F2DE6BD8D4E6252DADA9CC /* EncodingTransforms.swift in Sources */,
				488B9902769FEA6347BCE9C9 /* ExclusionListManager.swift in Sources */,
				7814F598A7AC4C6B50E45752 /* ExclusionsSettingsView.swift in Sources */,
				49F850F4C96C6AEAE9DDD985 /* GeneralSettingsView.swift in Sources */,
				E5FC4FA06C3D5801926782EF /* HoverPreviewPanel.swift in Sources */,
				24C35416B9D5F7FB1F8716DD /* HoverPreviewWindowController.swift in Sources */,
				218360C88C2C14B576713C36 /* ItemDetailView.swift in Sources */,
				0A6ABA854D363923090D3C8A /* JSONTransforms.swift in Sources */,
				A94E9C7DFCA101E266546802 /* KeyboardShortcutManager.swift in Sources */,
				550271D1783D99645A3D29C7 /* LLMSearchService.swift in Sources */,
				045AA3C98D61F702BD0DB94C /* MarkdownRenderer.swift in Sources */,
				2C54F024721CC831FB839D6A /* MarkdownTransform.swift in Sources */,
				9004A3C3BBE37F5DB1CDBA62 /* NSImage+Thumbnail.swift in Sources */,
				9AAAF4070748CB33422B4BD5 /* NaturalLanguageSearchService.swift in Sources */,
				4DFAB8989F54FE9926BE0DB7 /* OCRResultView.swift in Sources */,
				5715CB911139F24BE7BE58B0 /* OCRService.swift in Sources */,
				887674570BE3CFCFDFE452B8 /* OnboardingView.swift in Sources */,
				487686FB69B6EEA0AFB3A762 /* OrderedCache.swift in Sources */,
				D39EFFB4CCA50088D824D2B9 /* PastePlainButton.swift in Sources */,
				22CA226E233CC2B2461F59FF /* PinButton.swift in Sources */,
				2034B8ED4C45CF5752B37B99 /* PopoverContentView.swift in Sources */,
				C7B14CCA0AB4036CE84FCC10 /* QuickActionService.swift in Sources */,
				24EC1D497AD8E7348E76FFFE /* RenderedMarkdownView.swift in Sources */,
				B0CDCF4775EEB4CC0ED16852 /* RuleEditorView.swift in Sources */,
				24C869100A32FC54E475C87E /* RulesSettingsView.swift in Sources */,
				EA69B424C6C70A5F01D8C347 /* SQLTransform.swift in Sources */,
				BB508E14F1EB2C6AE208A5E8 /* SearchBarView.swift in Sources */,
				4E157391471CA14BD71ADBD3 /* SecuritySettingsView.swift in Sources */,
				D1C3110AF7E589EFA9C22286 /* SemanticSearchService.swift in Sources */,
				61C453F801C562BC5EB57C04 /* SensitiveDataBadge.swift in Sources */,
				6A9918AE10DA98D769281A30 /* SensitiveDataDetector.swift in Sources */,
				5C4E416242422DC545920336 /* SettingsView.swift in Sources */,
				F5382B4840CC3D635F3378F8 /* ShareService.swift in Sources */,
				1820526E40891FD3FAAA2B5C /* ShortcutsSettingsView.swift in Sources */,
				21C56793CC72F8C97109018B /* SmartCollection.swift in Sources */,
				BF41A0FC492D7AA958496156 /* SmartCollectionService.swift in Sources */,
				8DA450FACECFD3DC1CF932ED /* SmartCollectionsView.swift in Sources */,
				A1C10B58DE2302268ADBEF43 /* Snippet.swift in Sources */,
				54FA6ED61791CD64F0F27658 /* SnippetEditorView.swift in Sources */,
				2ECD7E745713734F0C13AA35 /* SnippetFillInView.swift in Sources */,
				B1D0BB95C585AA8BE66C9D04 /* SnippetFolder.swift in Sources */,
				C761BBE194B88E316EEF1078 /* SnippetFolderManagerView.swift in Sources */,
				5DFEA659C2FDB00D06389302 /* SnippetListView.swift in Sources */,
				E167AB490E09BDA829AF89B5 /* SnippetService.swift in Sources */,
				F8BD238796CD52DEED26F1E3 /* StatCardView.swift in Sources */,
				77D94870E771498D6ADFAD98 /* StorageService.swift in Sources */,
				F060240E78FA82D8742A9EE4 /* String+Truncation.swift in Sources */,
				24688FB8D264BB25D6A8DC57 /* SyntaxHighlightedText.swift in Sources */,
				367DFAD9417D8E7E406F2E45 /* SyntaxHighlighter.swift in Sources */,
				F4F9B2B7E70285F3A289CE71 /* TextSummarizer.swift in Sources */,
				538805A83C1C2C38D1932A15 /* TimeGrouper.swift in Sources */,
				7FFA8233101D66958B0D76DE /* TransformResultView.swift in Sources */,
				340D4689450D69697CD31612 /* TransformService.swift in Sources */,
				6CAD97094C81D22A8C1F21B5 /* TypeBadge.swift in Sources */,
				3C7436AA11FFFA8D45A483DC /* UpdaterService.swift in Sources */,
				AC7F94BFC9F7EDD3AFC032BC /* UserPreferences.swift in Sources */,
				D2416016E577750CC960165C /* WorkspaceDetector.swift in Sources */,
				2E9F4D4C6AE8E582E9C255F4 /* WorkspaceFilterView.swift in Sources */,
				C1030B8387FFAB47A8147E28 /* XMLTransform.swift in Sources */,
			);
			runOnlyForDeploymentPostprocessing = 0;
		};
		BE542462C728366E9F875691 /* Sources */ = {
			isa = PBXSourcesBuildPhase;
			buildActionMask = 2147483647;
			files = (
				EC2202A5143463762AB642C1 /* ContentAnalyzerTests.swift in Sources */,
				90D28C340974EEA647B6B1A6 /* CopyFormatTests.swift in Sources */,
				B92CEBFEE3563DB18A2AF7D5 /* CutCopyPasteTests.swift in Sources */,
				A03C8314DFB35B1E5AACB276 /* DiffEngineTests.swift in Sources */,
				4D0D2E96148ACA16006E2A2A /* ExclusionListTests.swift in Sources */,
				28786997583F01A7EBDC06B7 /* MarkdownRendererTests.swift in Sources */,
				139DA45EB2F89D7352E0387B /* NaturalLanguageSearchTests.swift in Sources */,
				0CB5FE0F290867E2CCE6D83F /* OCRServiceTests.swift in Sources */,
				02F9B99E29C1DFBF77F23A43 /* QuickActionTests.swift in Sources */,
				7E15B7B8A914736179A0CBC5 /* SensitiveDataDetectorTests.swift in Sources */,
				9FB5B5905C99B280DE11C45F /* ShareServiceTests.swift in Sources */,
				8EC7520512B53DD8215F7E97 /* SmartCollectionTests.swift in Sources */,
				EDE309A5DD2ABFA04409F44A /* SnippetTests.swift in Sources */,
				03E1C3E42F1A0F106A3CA761 /* SyntaxHighlighterTests.swift in Sources */,
				94F7D34936DD603E5681F46B /* TextSummarizerTests.swift in Sources */,
				A6A9669497FE469A809B1D12 /* TimeGrouperTests.swift in Sources */,
				CE0BA3BDB77B028F4E1937C3 /* TransformTests.swift in Sources */,
				428090C2646F71AB38C467C5 /* UserPreferencesTests.swift in Sources */,
			);
			runOnlyForDeploymentPostprocessing = 0;
		};
/* End PBXSourcesBuildPhase section */

/* Begin PBXTargetDependency section */
		FB30DA3BC2A3FCE7B64BA368 /* PBXTargetDependency */ = {
			isa = PBXTargetDependency;
			target = 9CE3447BDA08CA7F9AC9F9A0 /* CutCopyPaste */;
			targetProxy = C95A71DF6338414C60995F3B /* PBXContainerItemProxy */;
		};
/* End PBXTargetDependency section */

/* Begin XCBuildConfiguration section */
		039E90D56FE019C99B9413FC /* Release */ = {
			isa = XCBuildConfiguration;
			buildSettings = {
				COMBINE_HIDPI_IMAGES = YES;
				GENERATE_INFOPLIST_FILE = YES;
				LD_RUNPATH_SEARCH_PATHS = (
					"$(inherited)",
					"@executable_path/../Frameworks",
				);
				PRODUCT_BUNDLE_IDENTIFIER = com.cutcopypaste.CutCopyPasteCLI;
				PRODUCT_NAME = ccp;
				SDKROOT = macosx;
				SWIFT_STRICT_CONCURRENCY = complete;
			};
			name = Release;
		};
		1AD6725B71E9C5D641AFB0DB /* Release */ = {
			isa = XCBuildConfiguration;
			buildSettings = {
				ASSETCATALOG_COMPILER_APPICON_NAME = AppIcon;
				CODE_SIGN_ENTITLEMENTS = CutCopyPaste/Resources/CutCopyPaste.entitlements;
				COMBINE_HIDPI_IMAGES = YES;
				CURRENT_PROJECT_VERSION = 1;
				ENABLE_HARDENED_RUNTIME = YES;
				GENERATE_INFOPLIST_FILE = YES;
				INFOPLIST_GENERATION_MODE = GeneratedFile;
				INFOPLIST_KEY_CFBundleDisplayName = CutCopyPaste;
				INFOPLIST_KEY_LSUIElement = YES;
				LD_RUNPATH_SEARCH_PATHS = (
					"$(inherited)",
					"@executable_path/../Frameworks",
				);
				MARKETING_VERSION = 1.0.0;
				PRODUCT_BUNDLE_IDENTIFIER = com.cutcopypaste.app;
				PRODUCT_NAME = CutCopyPaste;
				SDKROOT = macosx;
				SWIFT_STRICT_CONCURRENCY = complete;
			};
			name = Release;
		};
		2AEA5E7C79AEF56B7C71B6CD /* Debug */ = {
			isa = XCBuildConfiguration;
			buildSettings = {
				BUNDLE_LOADER = "$(TEST_HOST)";
				COMBINE_HIDPI_IMAGES = YES;
				GENERATE_INFOPLIST_FILE = YES;
				LD_RUNPATH_SEARCH_PATHS = (
					"$(inherited)",
					"@executable_path/../Frameworks",
					"@loader_path/../Frameworks",
				);
				PRODUCT_BUNDLE_IDENTIFIER = com.cutcopypaste.app.tests;
				SDKROOT = macosx;
				TEST_HOST = "$(BUILT_PRODUCTS_DIR)/CutCopyPaste.app/Contents/MacOS/CutCopyPaste";
			};
			name = Debug;
		};
		55207DE9144D22E0FB7D9D1E /* Release-AppStore */ = {
			isa = XCBuildConfiguration;
			buildSettings = {
				ASSETCATALOG_COMPILER_APPICON_NAME = AppIcon;
				CODE_SIGN_ENTITLEMENTS = CutCopyPaste/Resources/CutCopyPaste.entitlements;
				COMBINE_HIDPI_IMAGES = YES;
				CURRENT_PROJECT_VERSION = 1;
				ENABLE_HARDENED_RUNTIME = YES;
				GENERATE_INFOPLIST_FILE = YES;
				INFOPLIST_GENERATION_MODE = GeneratedFile;
				INFOPLIST_KEY_CFBundleDisplayName = CutCopyPaste;
				INFOPLIST_KEY_LSUIElement = YES;
				LD_RUNPATH_SEARCH_PATHS = (
					"$(inherited)",
					"@executable_path/../Frameworks",
				);
				MARKETING_VERSION = 1.0.0;
				PRODUCT_BUNDLE_IDENTIFIER = com.cutcopypaste.app;
				PRODUCT_NAME = CutCopyPaste;
				SDKROOT = macosx;
				SWIFT_ACTIVE_COMPILATION_CONDITIONS = "$(inherited) APPSTORE";
				SWIFT_STRICT_CONCURRENCY = complete;
			};
			name = "Release-AppStore";
		};
		745FFF0FEDC67B8742AA544A /* Debug */ = {
			isa = XCBuildConfiguration;
			buildSettings = {
				ALWAYS_SEARCH_USER_PATHS = NO;
				CLANG_ANALYZER_NONNULL = YES;
				CLANG_ANALYZER_NUMBER_OBJECT_CONVERSION = YES_AGGRESSIVE;
				CLANG_CXX_LANGUAGE_STANDARD = "gnu++14";
				CLANG_CXX_LIBRARY = "libc++";
				CLANG_ENABLE_MODULES = YES;
				CLANG_ENABLE_OBJC_ARC = YES;
				CLANG_ENABLE_OBJC_WEAK = YES;
				CLANG_WARN_BLOCK_CAPTURE_AUTORELEASING = YES;
				CLANG_WARN_BOOL_CONVERSION = YES;
				CLANG_WARN_COMMA = YES;
				CLANG_WARN_CONSTANT_CONVERSION = YES;
				CLANG_WARN_DEPRECATED_OBJC_IMPLEMENTATIONS = YES;
				CLANG_WARN_DIRECT_OBJC_ISA_USAGE = YES_ERROR;
				CLANG_WARN_DOCUMENTATION_COMMENTS = YES;
				CLANG_WARN_EMPTY_BODY = YES;
				CLANG_WARN_ENUM_CONVERSION = YES;
				CLANG_WARN_INFINITE_RECURSION = YES;
				CLANG_WARN_INT_CONVERSION = YES;
				CLANG_WARN_NON_LITERAL_NULL_CONVERSION = YES;
				CLANG_WARN_OBJC_IMPLICIT_RETAIN_SELF = YES;
				CLANG_WARN_OBJC_LITERAL_CONVERSION = YES;
				CLANG_WARN_OBJC_ROOT_CLASS = YES_ERROR;
				CLANG_WARN_QUOTED_INCLUDE_IN_FRAMEWORK_HEADER = YES;
				CLANG_WARN_RANGE_LOOP_ANALYSIS = YES;
				CLANG_WARN_STRICT_PROTOTYPES = YES;
				CLANG_WARN_SUSPICIOUS_MOVE = YES;
				CLANG_WARN_UNGUARDED_AVAILABILITY = YES_AGGRESSIVE;
				CLANG_WARN_UNREACHABLE_CODE = YES;
				CLANG_WARN__DUPLICATE_METHOD_MATCH = YES;
				COPY_PHASE_STRIP = NO;
				DEBUG_INFORMATION_FORMAT = dwarf;
				ENABLE_STRICT_OBJC_MSGSEND = YES;
				ENABLE_TESTABILITY = YES;
				GCC_C_LANGUAGE_STANDARD = gnu11;
				GCC_DYNAMIC_NO_PIC = NO;
				GCC_NO_COMMON_BLOCKS = YES;
				GCC_OPTIMIZATION_LEVEL = 0;
				GCC_PREPROCESSOR_DEFINITIONS = (
					"$(inherited)",
					"DEBUG=1",
				);
				GCC_WARN_64_TO_32_BIT_CONVERSION = YES;
				GCC_WARN_ABOUT_RETURN_TYPE = YES_ERROR;
				GCC_WARN_UNDECLARED_SELECTOR = YES;
				GCC_WARN_UNINITIALIZED_AUTOS = YES_AGGRESSIVE;
				GCC_WARN_UNUSED_FUNCTION = YES;
				GCC_WARN_UNUSED_VARIABLE = YES;
				MACOSX_DEPLOYMENT_TARGET = 14.0;
				MTL_ENABLE_DEBUG_INFO = INCLUDE_SOURCE;
				MTL_FAST_MATH = YES;
				ONLY_ACTIVE_ARCH = YES;
				PRODUCT_NAME = "$(TARGET_NAME)";
				SDKROOT = macosx;
				SWIFT_ACTIVE_COMPILATION_CONDITIONS = DEBUG;
				SWIFT_OPTIMIZATION_LEVEL = "-Onone";
				SWIFT_VERSION = 5.9;
			};
			name = Debug;
		};
		8222B27558A5F920E497A436 /* Debug */ = {
			isa = XCBuildConfiguration;
			buildSettings = {
				ASSETCATALOG_COMPILER_APPICON_NAME = AppIcon;
				CODE_SIGN_ENTITLEMENTS = CutCopyPaste/Resources/CutCopyPaste.entitlements;
				COMBINE_HIDPI_IMAGES = YES;
				CURRENT_PROJECT_VERSION = 1;
				ENABLE_HARDENED_RUNTIME = YES;
				GENERATE_INFOPLIST_FILE = YES;
				INFOPLIST_GENERATION_MODE = GeneratedFile;
				INFOPLIST_KEY_CFBundleDisplayName = CutCopyPaste;
				INFOPLIST_KEY_LSUIElement = YES;
				LD_RUNPATH_SEARCH_PATHS = (
					"$(inherited)",
					"@executable_path/../Frameworks",
				);
				MARKETING_VERSION = 1.0.0;
				PRODUCT_BUNDLE_IDENTIFIER = com.cutcopypaste.app;
				PRODUCT_NAME = CutCopyPaste;
				SDKROOT = macosx;
				SWIFT_STRICT_CONCURRENCY = complete;
			};
			name = Debug;
		};
		9627557C8B832F165E4B1EC9 /* Release-AppStore */ = {
			isa = XCBuildConfiguration;
			buildSettings = {
				COMBINE_HIDPI_IMAGES = YES;
				GENERATE_INFOPLIST_FILE = YES;
				LD_RUNPATH_SEARCH_PATHS = (
					"$(inherited)",
					"@executable_path/../Frameworks",
				);
				PRODUCT_BUNDLE_IDENTIFIER = com.cutcopypaste.CutCopyPasteCLI;
				PRODUCT_NAME = ccp;
				SDKROOT = macosx;
				SWIFT_STRICT_CONCURRENCY = complete;
			};
			name = "Release-AppStore";
		};
		A8C09D9AC7D212938919F97D /* Release-AppStore */ = {
			isa = XCBuildConfiguration;
			buildSettings = {
				ALWAYS_SEARCH_USER_PATHS = NO;
				CLANG_ANALYZER_NONNULL = YES;
				CLANG_ANALYZER_NUMBER_OBJECT_CONVERSION = YES_AGGRESSIVE;
				CLANG_CXX_LANGUAGE_STANDARD = "gnu++14";
				CLANG_CXX_LIBRARY = "libc++";
				CLANG_ENABLE_MODULES = YES;
				CLANG_ENABLE_OBJC_ARC = YES;
				CLANG_ENABLE_OBJC_WEAK = YES;
				CLANG_WARN_BLOCK_CAPTURE_AUTORELEASING = YES;
				CLANG_WARN_BOOL_CONVERSION = YES;
				CLANG_WARN_COMMA = YES;
				CLANG_WARN_CONSTANT_CONVERSION = YES;
				CLANG_WARN_DEPRECATED_OBJC_IMPLEMENTATIONS = YES;
				CLANG_WARN_DIRECT_OBJC_ISA_USAGE = YES_ERROR;
				CLANG_WARN_DOCUMENTATION_COMMENTS = YES;
				CLANG_WARN_EMPTY_BODY = YES;
				CLANG_WARN_ENUM_CONVERSION = YES;
				CLANG_WARN_INFINITE_RECURSION = YES;
				CLANG_WARN_INT_CONVERSION = YES;
				CLANG_WARN_NON_LITERAL_NULL_CONVERSION = YES;
				CLANG_WARN_OBJC_IMPLICIT_RETAIN_SELF = YES;
				CLANG_WARN_OBJC_LITERAL_CONVERSION = YES;
				CLANG_WARN_OBJC_ROOT_CLASS = YES_ERROR;
				CLANG_WARN_QUOTED_INCLUDE_IN_FRAMEWORK_HEADER = YES;
				CLANG_WARN_RANGE_LOOP_ANALYSIS = YES;
				CLANG_WARN_STRICT_PROTOTYPES = YES;
				CLANG_WARN_SUSPICIOUS_MOVE = YES;
				CLANG_WARN_UNGUARDED_AVAILABILITY = YES_AGGRESSIVE;
				CLANG_WARN_UNREACHABLE_CODE = YES;
				CLANG_WARN__DUPLICATE_METHOD_MATCH = YES;
				COPY_PHASE_STRIP = NO;
				DEBUG_INFORMATION_FORMAT = "dwarf-with-dsym";
				ENABLE_NS_ASSERTIONS = NO;
				ENABLE_STRICT_OBJC_MSGSEND = YES;
				GCC_C_LANGUAGE_STANDARD = gnu11;
				GCC_NO_COMMON_BLOCKS = YES;
				GCC_WARN_64_TO_32_BIT_CONVERSION = YES;
				GCC_WARN_ABOUT_RETURN_TYPE = YES_ERROR;
				GCC_WARN_UNDECLARED_SELECTOR = YES;
				GCC_WARN_UNINITIALIZED_AUTOS = YES_AGGRESSIVE;
				GCC_WARN_UNUSED_FUNCTION = YES;
				GCC_WARN_UNUSED_VARIABLE = YES;
				MACOSX_DEPLOYMENT_TARGET = 14.0;
				MTL_ENABLE_DEBUG_INFO = NO;
				MTL_FAST_MATH = YES;
				PRODUCT_NAME = "$(TARGET_NAME)";
				SDKROOT = macosx;
				SWIFT_COMPILATION_MODE = wholemodule;
				SWIFT_OPTIMIZATION_LEVEL = "-O";
				SWIFT_VERSION = 5.9;
			};
			name = "Release-AppStore";
		};
		C1AEAF514FEF1DA4C47FDFD1 /* Release */ = {
			isa = XCBuildConfiguration;
			buildSettings = {
				ALWAYS_SEARCH_USER_PATHS = NO;
				CLANG_ANALYZER_NONNULL = YES;
				CLANG_ANALYZER_NUMBER_OBJECT_CONVERSION = YES_AGGRESSIVE;
				CLANG_CXX_LANGUAGE_STANDARD = "gnu++14";
				CLANG_CXX_LIBRARY = "libc++";
				CLANG_ENABLE_MODULES = YES;
				CLANG_ENABLE_OBJC_ARC = YES;
				CLANG_ENABLE_OBJC_WEAK = YES;
				CLANG_WARN_BLOCK_CAPTURE_AUTORELEASING = YES;
				CLANG_WARN_BOOL_CONVERSION = YES;
				CLANG_WARN_COMMA = YES;
				CLANG_WARN_CONSTANT_CONVERSION = YES;
				CLANG_WARN_DEPRECATED_OBJC_IMPLEMENTATIONS = YES;
				CLANG_WARN_DIRECT_OBJC_ISA_USAGE = YES_ERROR;
				CLANG_WARN_DOCUMENTATION_COMMENTS = YES;
				CLANG_WARN_EMPTY_BODY = YES;
				CLANG_WARN_ENUM_CONVERSION = YES;
				CLANG_WARN_INFINITE_RECURSION = YES;
				CLANG_WARN_INT_CONVERSION = YES;
				CLANG_WARN_NON_LITERAL_NULL_CONVERSION = YES;
				CLANG_WARN_OBJC_IMPLICIT_RETAIN_SELF = YES;
				CLANG_WARN_OBJC_LITERAL_CONVERSION = YES;
				CLANG_WARN_OBJC_ROOT_CLASS = YES_ERROR;
				CLANG_WARN_QUOTED_INCLUDE_IN_FRAMEWORK_HEADER = YES;
				CLANG_WARN_RANGE_LOOP_ANALYSIS = YES;
				CLANG_WARN_STRICT_PROTOTYPES = YES;
				CLANG_WARN_SUSPICIOUS_MOVE = YES;
				CLANG_WARN_UNGUARDED_AVAILABILITY = YES_AGGRESSIVE;
				CLANG_WARN_UNREACHABLE_CODE = YES;
				CLANG_WARN__DUPLICATE_METHOD_MATCH = YES;
				COPY_PHASE_STRIP = NO;
				DEBUG_INFORMATION_FORMAT = "dwarf-with-dsym";
				ENABLE_NS_ASSERTIONS = NO;
				ENABLE_STRICT_OBJC_MSGSEND = YES;
				GCC_C_LANGUAGE_STANDARD = gnu11;
				GCC_NO_COMMON_BLOCKS = YES;
				GCC_WARN_64_TO_32_BIT_CONVERSION = YES;
				GCC_WARN_ABOUT_RETURN_TYPE = YES_ERROR;
				GCC_WARN_UNDECLARED_SELECTOR = YES;
				GCC_WARN_UNINITIALIZED_AUTOS = YES_AGGRESSIVE;
				GCC_WARN_UNUSED_FUNCTION = YES;
				GCC_WARN_UNUSED_VARIABLE = YES;
				MACOSX_DEPLOYMENT_TARGET = 14.0;
				MTL_ENABLE_DEBUG_INFO = NO;
				MTL_FAST_MATH = YES;
				PRODUCT_NAME = "$(TARGET_NAME)";
				SDKROOT = macosx;
				SWIFT_COMPILATION_MODE = wholemodule;
				SWIFT_OPTIMIZATION_LEVEL = "-O";
				SWIFT_VERSION = 5.9;
			};
			name = Release;
		};
		CCAC32206E64F0F3A8E6722A /* Release */ = {
			isa = XCBuildConfiguration;
			buildSettings = {
				BUNDLE_LOADER = "$(TEST_HOST)";
				COMBINE_HIDPI_IMAGES = YES;
				GENERATE_INFOPLIST_FILE = YES;
				LD_RUNPATH_SEARCH_PATHS = (
					"$(inherited)",
					"@executable_path/../Frameworks",
					"@loader_path/../Frameworks",
				);
				PRODUCT_BUNDLE_IDENTIFIER = com.cutcopypaste.app.tests;
				SDKROOT = macosx;
				TEST_HOST = "$(BUILT_PRODUCTS_DIR)/CutCopyPaste.app/Contents/MacOS/CutCopyPaste";
			};
			name = Release;
		};
		F93528C7B8E8C44D2917BD32 /* Debug */ = {
			isa = XCBuildConfiguration;
			buildSettings = {
				COMBINE_HIDPI_IMAGES = YES;
				GENERATE_INFOPLIST_FILE = YES;
				LD_RUNPATH_SEARCH_PATHS = (
					"$(inherited)",
					"@executable_path/../Frameworks",
				);
				PRODUCT_BUNDLE_IDENTIFIER = com.cutcopypaste.CutCopyPasteCLI;
				PRODUCT_NAME = ccp;
				SDKROOT = macosx;
				SWIFT_STRICT_CONCURRENCY = complete;
			};
			name = Debug;
		};
		FA96C10EDA6629D3840ED415 /* Release-AppStore */ = {
			isa = XCBuildConfiguration;
			buildSettings = {
				BUNDLE_LOADER = "$(TEST_HOST)";
				COMBINE_HIDPI_IMAGES = YES;
				GENERATE_INFOPLIST_FILE = YES;
				LD_RUNPATH_SEARCH_PATHS = (
					"$(inherited)",
					"@executable_path/../Frameworks",
					"@loader_path/../Frameworks",
				);
				PRODUCT_BUNDLE_IDENTIFIER = com.cutcopypaste.app.tests;
				SDKROOT = macosx;
				TEST_HOST = "$(BUILT_PRODUCTS_DIR)/CutCopyPaste.app/Contents/MacOS/CutCopyPaste";
			};
			name = "Release-AppStore";
		};
/* End XCBuildConfiguration section */

/* Begin XCConfigurationList section */
		38DFE9DD38A41BE5CF36E150 /* Build configuration list for PBXNativeTarget "CutCopyPasteCLI" */ = {
			isa = XCConfigurationList;
			buildConfigurations = (
				F93528C7B8E8C44D2917BD32 /* Debug */,
				039E90D56FE019C99B9413FC /* Release */,
				9627557C8B832F165E4B1EC9 /* Release-AppStore */,
			);
			defaultConfigurationIsVisible = 0;
			defaultConfigurationName = Debug;
		};
		3D423E048F05B9F0077A0811 /* Build configuration list for PBXProject "CutCopyPaste" */ = {
			isa = XCConfigurationList;
			buildConfigurations = (
				745FFF0FEDC67B8742AA544A /* Debug */,
				C1AEAF514FEF1DA4C47FDFD1 /* Release */,
				A8C09D9AC7D212938919F97D /* Release-AppStore */,
			);
			defaultConfigurationIsVisible = 0;
			defaultConfigurationName = Debug;
		};
		454951E7F7EC84943FD57537 /* Build configuration list for PBXNativeTarget "CutCopyPasteTests" */ = {
			isa = XCConfigurationList;
			buildConfigurations = (
				2AEA5E7C79AEF56B7C71B6CD /* Debug */,
				CCAC32206E64F0F3A8E6722A /* Release */,
				FA96C10EDA6629D3840ED415 /* Release-AppStore */,
			);
			defaultConfigurationIsVisible = 0;
			defaultConfigurationName = Debug;
		};
		EB5DDE2D0B1E1CA9DAA443C7 /* Build configuration list for PBXNativeTarget "CutCopyPaste" */ = {
			isa = XCConfigurationList;
			buildConfigurations = (
				8222B27558A5F920E497A436 /* Debug */,
				1AD6725B71E9C5D641AFB0DB /* Release */,
				55207DE9144D22E0FB7D9D1E /* Release-AppStore */,
			);
			defaultConfigurationIsVisible = 0;
			defaultConfigurationName = Debug;
		};
/* End XCConfigurationList section */

/* Begin XCRemoteSwiftPackageReference section */
		1B72E648EF936E7E864887FB /* XCRemoteSwiftPackageReference "Sparkle" */ = {
			isa = XCRemoteSwiftPackageReference;
			repositoryURL = "https://github.com/sparkle-project/Sparkle.git";
			requirement = {
				kind = upToNextMajorVersion;
				minimumVersion = 2.6.0;
			};
		};
		6BC488D61452FF425EAEC7AB /* XCRemoteSwiftPackageReference "swift-argument-parser" */ = {
			isa = XCRemoteSwiftPackageReference;
			repositoryURL = "https://github.com/apple/swift-argument-parser.git";
			requirement = {
				kind = upToNextMajorVersion;
				minimumVersion = 1.3.0;
			};
		};
/* End XCRemoteSwiftPackageReference section */

/* Begin XCSwiftPackageProductDependency section */
		0ECE32340E5D49DC10485FFE /* ArgumentParser */ = {
			isa = XCSwiftPackageProductDependency;
			package = 6BC488D61452FF425EAEC7AB /* XCRemoteSwiftPackageReference "swift-argument-parser" */;
			productName = ArgumentParser;
		};
		C98617ABFB47B41DF27F253C /* Sparkle */ = {
			isa = XCSwiftPackageProductDependency;
			package = 1B72E648EF936E7E864887FB /* XCRemoteSwiftPackageReference "Sparkle" */;
			productName = Sparkle;
		};
/* End XCSwiftPackageProductDependency section */
	};
	rootObject = D4F6CDA3DB78A6B3DEB0BC5D /* Project object */;
}
