// !$*UTF8*$!
{
	archiveVersion = 1;
	classes = {
	};
	objectVersion = 77;
	objects = {

/* Begin PBXBuildFile section */
		19A6ECED9B9DC59267FD1CC2 /* ExclusionsSettingsView.swift in Sources */ = {isa = PBXBuildFile; fileRef = 01377132934D1D27C3D23C53 /* ExclusionsSettingsView.swift */; };
		1AA12EB0F4F9A45E5C0EAF16 /* ClipboardMonitor.swift in Sources */ = {isa = PBXBuildFile; fileRef = ED384FE3A44F188269D3EE2D /* ClipboardMonitor.swift */; };
		4540292D0ADA8090120A23C2 /* SearchBarView.swift in Sources */ = {isa = PBXBuildFile; fileRef = 480B9D631BF3BF99F1B076AB /* SearchBarView.swift */; };
		4654E206D85384C7D5588796 /* CutCopyPasteApp.swift in Sources */ = {isa = PBXBuildFile; fileRef = 78D3D0F62D2FF479C44EEE31 /* CutCopyPasteApp.swift */; };
		46A887D9C97FDAF586407391 /* Constants.swift in Sources */ = {isa = PBXBuildFile; fileRef = 008DA914AF91C31292E6DA09 /* Constants.swift */; };
		48035927A44A2054A3724B8D /* PinButton.swift in Sources */ = {isa = PBXBuildFile; fileRef = 88B83D19429D51DA6E86DD4C /* PinButton.swift */; };
		4E0E728943D12ACDBAC22F66 /* SettingsView.swift in Sources */ = {isa = PBXBuildFile; fileRef = BFA4F4B3CAEDC58BC2D15B7A /* SettingsView.swift */; };
		5538891984DD43809906B948 /* DeleteButton.swift in Sources */ = {isa = PBXBuildFile; fileRef = 545471868D8DD568ACBE2670 /* DeleteButton.swift */; };
		6315A4BE3CF55B79318BE999 /* KeyboardShortcutManager.swift in Sources */ = {isa = PBXBuildFile; fileRef = 54B4D54F0FAFC07A6332144F /* KeyboardShortcutManager.swift */; };
		67929222EA783562A16DEA47 /* StorageService.swift in Sources */ = {isa = PBXBuildFile; fileRef = 2F2B2F76052354B4B1B2956A /* StorageService.swift */; };
		7E40CD7835902035DCA92A91 /* ClipboardListView.swift in Sources */ = {isa = PBXBuildFile; fileRef = 902843E69FF2ECEB501F37B7 /* ClipboardListView.swift */; };
		8A0785AB410698A808E01143 /* ClipboardItemRow.swift in Sources */ = {isa = PBXBuildFile; fileRef = A94A1C4444B523A3F44D33F5 /* ClipboardItemRow.swift */; };
		8A2C17559B54D14A7D735CC0 /* ClipboardItem.swift in Sources */ = {isa = PBXBuildFile; fileRef = 1CED8A7AE6954AAD9C06D3F5 /* ClipboardItem.swift */; };
		8A5DCAC5D4A40A28D503DE56 /* CopyButton.swift in Sources */ = {isa = PBXBuildFile; fileRef = 5554FA159E959E379EA73180 /* CopyButton.swift */; };
		8BE16143CDF7DF150EB7CE0D /* ShortcutsSettingsView.swift in Sources */ = {isa = PBXBuildFile; fileRef = 3141EE801B475820CE37D92F /* ShortcutsSettingsView.swift */; };
		934393E85BA5D0C33E2068B2 /* PopoverContentView.swift in Sources */ = {isa = PBXBuildFile; fileRef = F0B1F6400173711A36150B7E /* PopoverContentView.swift */; };
		9B71730D90DE99CCA6818193 /* AppearanceSettingsView.swift in Sources */ = {isa = PBXBuildFile; fileRef = F31E974B269A00F866812767 /* AppearanceSettingsView.swift */; };
		A9354D27FE61BD11A324527A /* EmptyStateView.swift in Sources */ = {isa = PBXBuildFile; fileRef = C2866EA5EF5BF41B9ED6DAE2 /* EmptyStateView.swift */; };
		AE923728F4FD5E375C810AC8 /* Assets.xcassets in Resources */ = {isa = PBXBuildFile; fileRef = 0F4BFBB7EE664464A4E9DB9F /* Assets.xcassets */; };
		B042EB0CA41458F53959D8AC /* NSImage+Thumbnail.swift in Sources */ = {isa = PBXBuildFile; fileRef = 00EE230F1D7BEACEB5109A09 /* NSImage+Thumbnail.swift */; };
		B5BD9D62FF334A304D9299D6 /* CutCopyPasteTests.swift in Sources */ = {isa = PBXBuildFile; fileRef = 8D88125246064C21C15CEF6A /* CutCopyPasteTests.swift */; };
		BB46C7E3AD52E554702D1267 /* GeneralSettingsView.swift in Sources */ = {isa = PBXBuildFile; fileRef = 1BDE7E09408DEAA4D1DD97B3 /* GeneralSettingsView.swift */; };
		C19B49F6AC1D86BA8C13B3B7 /* Date+Formatting.swift in Sources */ = {isa = PBXBuildFile; fileRef = 833B9D02B904742705F44B2B /* Date+Formatting.swift */; };
		C327FE48A00F783AF153FADD /* TypeBadge.swift in Sources */ = {isa = PBXBuildFile; fileRef = AD32A6FD6146DF46024CAFC6 /* TypeBadge.swift */; };
		C5271CD18227D2813F6A24AF /* AppState.swift in Sources */ = {isa = PBXBuildFile; fileRef = DAB25978BC521B43817D1F38 /* AppState.swift */; };
		C5E2B3D64E4C1AB0AA0FF605 /* UserPreferences.swift in Sources */ = {isa = PBXBuildFile; fileRef = 1DF08AF549CB43F053ABF5AE /* UserPreferences.swift */; };
		D1CB8EBC5A46F36BD5EDCE1D /* ClipboardItemType.swift in Sources */ = {isa = PBXBuildFile; fileRef = 91D488CA4CC53D88B390DE93 /* ClipboardItemType.swift */; };
		D768E4122EAC65423682FEC6 /* String+Truncation.swift in Sources */ = {isa = PBXBuildFile; fileRef = 402CB57BDF3A896AC807545B /* String+Truncation.swift */; };
		EADF03B599164129DAAE1CEA /* Data+Compression.swift in Sources */ = {isa = PBXBuildFile; fileRef = DFFB4CD1F2F3E581A20794CE /* Data+Compression.swift */; };
		EE60C687F2CB2ACDF3D0C4AF /* ExclusionListManager.swift in Sources */ = {isa = PBXBuildFile; fileRef = 6D3C6EB5C36E3ABE8C217B90 /* ExclusionListManager.swift */; };
		F95F40501A9022F0939B0EB1 /* CategoryTabBar.swift in Sources */ = {isa = PBXBuildFile; fileRef = CCD9758593C997E006C704F5 /* CategoryTabBar.swift */; };
/* End PBXBuildFile section */

/* Begin PBXContainerItemProxy section */
		481A38DA7B041CA613A042F3 /* PBXContainerItemProxy */ = {
			isa = PBXContainerItemProxy;
			containerPortal = ADF8ED004D3C69BBF5DCB2F1 /* Project object */;
			proxyType = 1;
			remoteGlobalIDString = 9DE7CB6177627FDC76B441B3;
			remoteInfo = CutCopyPaste;
		};
/* End PBXContainerItemProxy section */

/* Begin PBXFileReference section */
		008DA914AF91C31292E6DA09 /* Constants.swift */ = {isa = PBXFileReference; lastKnownFileType = sourcecode.swift; path = Constants.swift; sourceTree = "<group>"; };
		00EE230F1D7BEACEB5109A09 /* NSImage+Thumbnail.swift */ = {isa = PBXFileReference; lastKnownFileType = sourcecode.swift; path = "NSImage+Thumbnail.swift"; sourceTree = "<group>"; };
		01377132934D1D27C3D23C53 /* ExclusionsSettingsView.swift */ = {isa = PBXFileReference; lastKnownFileType = sourcecode.swift; path = ExclusionsSettingsView.swift; sourceTree = "<group>"; };
		0F4BFBB7EE664464A4E9DB9F /* Assets.xcassets */ = {isa = PBXFileReference; lastKnownFileType = folder.assetcatalog; path = Assets.xcassets; sourceTree = "<group>"; };
		1BDE7E09408DEAA4D1DD97B3 /* GeneralSettingsView.swift */ = {isa = PBXFileReference; lastKnownFileType = sourcecode.swift; path = GeneralSettingsView.swift; sourceTree = "<group>"; };
		1CED8A7AE6954AAD9C06D3F5 /* ClipboardItem.swift */ = {isa = PBXFileReference; lastKnownFileType = sourcecode.swift; path = ClipboardItem.swift; sourceTree = "<group>"; };
		1DF08AF549CB43F053ABF5AE /* UserPreferences.swift */ = {isa = PBXFileReference; lastKnownFileType = sourcecode.swift; path = UserPreferences.swift; sourceTree = "<group>"; };
		2F15BE54F4756425216AB42F /* CutCopyPaste.app */ = {isa = PBXFileReference; explicitFileType = wrapper.application; includeInIndex = 0; path = CutCopyPaste.app; sourceTree = BUILT_PRODUCTS_DIR; };
		2F2B2F76052354B4B1B2956A /* StorageService.swift */ = {isa = PBXFileReference; lastKnownFileType = sourcecode.swift; path = StorageService.swift; sourceTree = "<group>"; };
		3141EE801B475820CE37D92F /* ShortcutsSettingsView.swift */ = {isa = PBXFileReference; lastKnownFileType = sourcecode.swift; path = ShortcutsSettingsView.swift; sourceTree = "<group>"; };
		402CB57BDF3A896AC807545B /* String+Truncation.swift */ = {isa = PBXFileReference; lastKnownFileType = sourcecode.swift; path = "String+Truncation.swift"; sourceTree = "<group>"; };
		480B9D631BF3BF99F1B076AB /* SearchBarView.swift */ = {isa = PBXFileReference; lastKnownFileType = sourcecode.swift; path = SearchBarView.swift; sourceTree = "<group>"; };
		545471868D8DD568ACBE2670 /* DeleteButton.swift */ = {isa = PBXFileReference; lastKnownFileType = sourcecode.swift; path = DeleteButton.swift; sourceTree = "<group>"; };
		54B4D54F0FAFC07A6332144F /* KeyboardShortcutManager.swift */ = {isa = PBXFileReference; lastKnownFileType = sourcecode.swift; path = KeyboardShortcutManager.swift; sourceTree = "<group>"; };
		5554FA159E959E379EA73180 /* CopyButton.swift */ = {isa = PBXFileReference; lastKnownFileType = sourcecode.swift; path = CopyButton.swift; sourceTree = "<group>"; };
		6D3C6EB5C36E3ABE8C217B90 /* ExclusionListManager.swift */ = {isa = PBXFileReference; lastKnownFileType = sourcecode.swift; path = ExclusionListManager.swift; sourceTree = "<group>"; };
		78D3D0F62D2FF479C44EEE31 /* CutCopyPasteApp.swift */ = {isa = PBXFileReference; lastKnownFileType = sourcecode.swift; path = CutCopyPasteApp.swift; sourceTree = "<group>"; };
		833B9D02B904742705F44B2B /* Date+Formatting.swift */ = {isa = PBXFileReference; lastKnownFileType = sourcecode.swift; path = "Date+Formatting.swift"; sourceTree = "<group>"; };
		88B83D19429D51DA6E86DD4C /* PinButton.swift */ = {isa = PBXFileReference; lastKnownFileType = sourcecode.swift; path = PinButton.swift; sourceTree = "<group>"; };
		8D88125246064C21C15CEF6A /* CutCopyPasteTests.swift */ = {isa = PBXFileReference; lastKnownFileType = sourcecode.swift; path = CutCopyPasteTests.swift; sourceTree = "<group>"; };
		902843E69FF2ECEB501F37B7 /* ClipboardListView.swift */ = {isa = PBXFileReference; lastKnownFileType = sourcecode.swift; path = ClipboardListView.swift; sourceTree = "<group>"; };
		91D488CA4CC53D88B390DE93 /* ClipboardItemType.swift */ = {isa = PBXFileReference; lastKnownFileType = sourcecode.swift; path = ClipboardItemType.swift; sourceTree = "<group>"; };
		A94A1C4444B523A3F44D33F5 /* ClipboardItemRow.swift */ = {isa = PBXFileReference; lastKnownFileType = sourcecode.swift; path = ClipboardItemRow.swift; sourceTree = "<group>"; };
		AD32A6FD6146DF46024CAFC6 /* TypeBadge.swift */ = {isa = PBXFileReference; lastKnownFileType = sourcecode.swift; path = TypeBadge.swift; sourceTree = "<group>"; };
		B5689BDD1E8BB9003D92C80F /* CutCopyPasteTests.xctest */ = {isa = PBXFileReference; explicitFileType = wrapper.cfbundle; includeInIndex = 0; path = CutCopyPasteTests.xctest; sourceTree = BUILT_PRODUCTS_DIR; };
		BFA4F4B3CAEDC58BC2D15B7A /* SettingsView.swift */ = {isa = PBXFileReference; lastKnownFileType = sourcecode.swift; path = SettingsView.swift; sourceTree = "<group>"; };
		C2866EA5EF5BF41B9ED6DAE2 /* EmptyStateView.swift */ = {isa = PBXFileReference; lastKnownFileType = sourcecode.swift; path = EmptyStateView.swift; sourceTree = "<group>"; };
		CCD9758593C997E006C704F5 /* CategoryTabBar.swift */ = {isa = PBXFileReference; lastKnownFileType = sourcecode.swift; path = CategoryTabBar.swift; sourceTree = "<group>"; };
		DAB25978BC521B43817D1F38 /* AppState.swift */ = {isa = PBXFileReference; lastKnownFileType = sourcecode.swift; path = AppState.swift; sourceTree = "<group>"; };
		DFFB4CD1F2F3E581A20794CE /* Data+Compression.swift */ = {isa = PBXFileReference; lastKnownFileType = sourcecode.swift; path = "Data+Compression.swift"; sourceTree = "<group>"; };
		ED384FE3A44F188269D3EE2D /* ClipboardMonitor.swift */ = {isa = PBXFileReference; lastKnownFileType = sourcecode.swift; path = ClipboardMonitor.swift; sourceTree = "<group>"; };
		F0B1F6400173711A36150B7E /* PopoverContentView.swift */ = {isa = PBXFileReference; lastKnownFileType = sourcecode.swift; path = PopoverContentView.swift; sourceTree = "<group>"; };
		F31E974B269A00F866812767 /* AppearanceSettingsView.swift */ = {isa = PBXFileReference; lastKnownFileType = sourcecode.swift; path = AppearanceSettingsView.swift; sourceTree = "<group>"; };
/* End PBXFileReference section */

/* Begin PBXGroup section */
		217EDF214EEA9E3FD308C4EE /* Models */ = {
			isa = PBXGroup;
			children = (
				1CED8A7AE6954AAD9C06D3F5 /* ClipboardItem.swift */,
				91D488CA4CC53D88B390DE93 /* ClipboardItemType.swift */,
				1DF08AF549CB43F053ABF5AE /* UserPreferences.swift */,
			);
			path = Models;
			sourceTree = "<group>";
		};
		4C015987F13D9EE6993AEC1D /* Products */ = {
			isa = PBXGroup;
			children = (
				2F15BE54F4756425216AB42F /* CutCopyPaste.app */,
				B5689BDD1E8BB9003D92C80F /* CutCopyPasteTests.xctest */,
			);
			name = Products;
			sourceTree = "<group>";
		};
		51190C277336476F2C75FE3F /* CutCopyPaste */ = {
			isa = PBXGroup;
			children = (
				C1E0BAFB0B849DFD16A6EDF6 /* App */,
				EC3A2C87017DBA55E2FD611B /* Extensions */,
				217EDF214EEA9E3FD308C4EE /* Models */,
				6CF7D13C1A28CCCD533B151A /* Resources */,
				5F4541564049BEDAEF81DFA5 /* Services */,
				FDBE610E277DBB7E02418CF4 /* Utilities */,
				9EA03E64E19AE6A165D83BEB /* Views */,
			);
			path = CutCopyPaste;
			sourceTree = "<group>";
		};
		5F4541564049BEDAEF81DFA5 /* Services */ = {
			isa = PBXGroup;
			children = (
				ED384FE3A44F188269D3EE2D /* ClipboardMonitor.swift */,
				6D3C6EB5C36E3ABE8C217B90 /* ExclusionListManager.swift */,
				54B4D54F0FAFC07A6332144F /* KeyboardShortcutManager.swift */,
				2F2B2F76052354B4B1B2956A /* StorageService.swift */,
			);
			path = Services;
			sourceTree = "<group>";
		};
		631BB42B063849B2D2BABC32 /* MainPopover */ = {
			isa = PBXGroup;
			children = (
				CCD9758593C997E006C704F5 /* CategoryTabBar.swift */,
				A94A1C4444B523A3F44D33F5 /* ClipboardItemRow.swift */,
				902843E69FF2ECEB501F37B7 /* ClipboardListView.swift */,
				F0B1F6400173711A36150B7E /* PopoverContentView.swift */,
				480B9D631BF3BF99F1B076AB /* SearchBarView.swift */,
			);
			path = MainPopover;
			sourceTree = "<group>";
		};
		6CF7D13C1A28CCCD533B151A /* Resources */ = {
			isa = PBXGroup;
			children = (
				0F4BFBB7EE664464A4E9DB9F /* Assets.xcassets */,
			);
			path = Resources;
			sourceTree = "<group>";
		};
		8D55E0751963EE17330D9528 = {
			isa = PBXGroup;
			children = (
				51190C277336476F2C75FE3F /* CutCopyPaste */,
				C12EE0C999AD5AF9BFDA8E56 /* CutCopyPasteTests */,
				4C015987F13D9EE6993AEC1D /* Products */,
			);
			sourceTree = "<group>";
		};
		964D691C27468F7A30A1318D /* Settings */ = {
			isa = PBXGroup;
			children = (
				F31E974B269A00F866812767 /* AppearanceSettingsView.swift */,
				01377132934D1D27C3D23C53 /* ExclusionsSettingsView.swift */,
				1BDE7E09408DEAA4D1DD97B3 /* GeneralSettingsView.swift */,
				BFA4F4B3CAEDC58BC2D15B7A /* SettingsView.swift */,
				3141EE801B475820CE37D92F /* ShortcutsSettingsView.swift */,
			);
			path = Settings;
			sourceTree = "<group>";
		};
		9EA03E64E19AE6A165D83BEB /* Views */ = {
			isa = PBXGroup;
			children = (
				E5357A27613EBB35DDF08860 /* Components */,
				631BB42B063849B2D2BABC32 /* MainPopover */,
				964D691C27468F7A30A1318D /* Settings */,
			);
			path = Views;
			sourceTree = "<group>";
		};
		C12EE0C999AD5AF9BFDA8E56 /* CutCopyPasteTests */ = {
			isa = PBXGroup;
			children = (
				8D88125246064C21C15CEF6A /* CutCopyPasteTests.swift */,
			);
			path = CutCopyPasteTests;
			sourceTree = "<group>";
		};
		C1E0BAFB0B849DFD16A6EDF6 /* App */ = {
			isa = PBXGroup;
			children = (
				DAB25978BC521B43817D1F38 /* AppState.swift */,
				78D3D0F62D2FF479C44EEE31 /* CutCopyPasteApp.swift */,
			);
			path = App;
			sourceTree = "<group>";
		};
		E5357A27613EBB35DDF08860 /* Components */ = {
			isa = PBXGroup;
			children = (
				5554FA159E959E379EA73180 /* CopyButton.swift */,
				545471868D8DD568ACBE2670 /* DeleteButton.swift */,
				C2866EA5EF5BF41B9ED6DAE2 /* EmptyStateView.swift */,
				88B83D19429D51DA6E86DD4C /* PinButton.swift */,
				AD32A6FD6146DF46024CAFC6 /* TypeBadge.swift */,
			);
			path = Components;
			sourceTree = "<group>";
		};
		EC3A2C87017DBA55E2FD611B /* Extensions */ = {
			isa = PBXGroup;
			children = (
				DFFB4CD1F2F3E581A20794CE /* Data+Compression.swift */,
				833B9D02B904742705F44B2B /* Date+Formatting.swift */,
				00EE230F1D7BEACEB5109A09 /* NSImage+Thumbnail.swift */,
				402CB57BDF3A896AC807545B /* String+Truncation.swift */,
			);
			path = Extensions;
			sourceTree = "<group>";
		};
		FDBE610E277DBB7E02418CF4 /* Utilities */ = {
			isa = PBXGroup;
			children = (
				008DA914AF91C31292E6DA09 /* Constants.swift */,
			);
			path = Utilities;
			sourceTree = "<group>";
		};
/* End PBXGroup section */

/* Begin PBXNativeTarget section */
		62F8E76945B612305204612F /* CutCopyPasteTests */ = {
			isa = PBXNativeTarget;
			buildConfigurationList = 71C38EEE05117B259F88FDF6 /* Build configuration list for PBXNativeTarget "CutCopyPasteTests" */;
			buildPhases = (
				E5C4654E225C57E63EAC4277 /* Sources */,
			);
			buildRules = (
			);
			dependencies = (
				BBEF2EADE03947F535166893 /* PBXTargetDependency */,
			);
			name = CutCopyPasteTests;
			packageProductDependencies = (
			);
			productName = CutCopyPasteTests;
			productReference = B5689BDD1E8BB9003D92C80F /* CutCopyPasteTests.xctest */;
			productType = "com.apple.product-type.bundle.unit-test";
		};
		9DE7CB6177627FDC76B441B3 /* CutCopyPaste */ = {
			isa = PBXNativeTarget;
			buildConfigurationList = 13E4BE5EB6727869F9E1AB35 /* Build configuration list for PBXNativeTarget "CutCopyPaste" */;
			buildPhases = (
				42C8595A6679D7ECB3F25AC6 /* Sources */,
				3EFF8BD806B3344204F30EB8 /* Resources */,
			);
			buildRules = (
			);
			dependencies = (
			);
			name = CutCopyPaste;
			packageProductDependencies = (
			);
			productName = CutCopyPaste;
			productReference = 2F15BE54F4756425216AB42F /* CutCopyPaste.app */;
			productType = "com.apple.product-type.application";
		};
/* End PBXNativeTarget section */

/* Begin PBXProject section */
		ADF8ED004D3C69BBF5DCB2F1 /* Project object */ = {
			isa = PBXProject;
			attributes = {
				BuildIndependentTargetsInParallel = YES;
				LastUpgradeCheck = 1600;
			};
			buildConfigurationList = 11DBC06A1D01D7CAC411BA7A /* Build configuration list for PBXProject "CutCopyPaste" */;
			compatibilityVersion = "Xcode 14.0";
			developmentRegion = en;
			hasScannedForEncodings = 0;
			knownRegions = (
				Base,
				en,
			);
			mainGroup = 8D55E0751963EE17330D9528;
			minimizedProjectReferenceProxies = 1;
			preferredProjectObjectVersion = 77;
			projectDirPath = "";
			projectRoot = "";
			targets = (
				9DE7CB6177627FDC76B441B3 /* CutCopyPaste */,
				62F8E76945B612305204612F /* CutCopyPasteTests */,
			);
		};
/* End PBXProject section */

/* Begin PBXResourcesBuildPhase section */
		3EFF8BD806B3344204F30EB8 /* Resources */ = {
			isa = PBXResourcesBuildPhase;
			buildActionMask = 2147483647;
			files = (
				AE923728F4FD5E375C810AC8 /* Assets.xcassets in Resources */,
			);
			runOnlyForDeploymentPostprocessing = 0;
		};
/* End PBXResourcesBuildPhase section */

/* Begin PBXSourcesBuildPhase section */
		42C8595A6679D7ECB3F25AC6 /* Sources */ = {
			isa = PBXSourcesBuildPhase;
			buildActionMask = 2147483647;
			files = (
				C5271CD18227D2813F6A24AF /* AppState.swift in Sources */,
				9B71730D90DE99CCA6818193 /* AppearanceSettingsView.swift in Sources */,
				F95F40501A9022F0939B0EB1 /* CategoryTabBar.swift in Sources */,
				4654E206D85384C7D5588796 /* CutCopyPasteApp.swift in Sources */,
				8A2C17559B54D14A7D735CC0 /* ClipboardItem.swift in Sources */,
				8A0785AB410698A808E01143 /* ClipboardItemRow.swift in Sources */,
				D1CB8EBC5A46F36BD5EDCE1D /* ClipboardItemType.swift in Sources */,
				7E40CD7835902035DCA92A91 /* ClipboardListView.swift in Sources */,
				1AA12EB0F4F9A45E5C0EAF16 /* ClipboardMonitor.swift in Sources */,
				46A887D9C97FDAF586407391 /* Constants.swift in Sources */,
				8A5DCAC5D4A40A28D503DE56 /* CopyButton.swift in Sources */,
				EADF03B599164129DAAE1CEA /* Data+Compression.swift in Sources */,
				C19B49F6AC1D86BA8C13B3B7 /* Date+Formatting.swift in Sources */,
				5538891984DD43809906B948 /* DeleteButton.swift in Sources */,
				A9354D27FE61BD11A324527A /* EmptyStateView.swift in Sources */,
				EE60C687F2CB2ACDF3D0C4AF /* ExclusionListManager.swift in Sources */,
				19A6ECED9B9DC59267FD1CC2 /* ExclusionsSettingsView.swift in Sources */,
				BB46C7E3AD52E554702D1267 /* GeneralSettingsView.swift in Sources */,
				6315A4BE3CF55B79318BE999 /* KeyboardShortcutManager.swift in Sources */,
				B042EB0CA41458F53959D8AC /* NSImage+Thumbnail.swift in Sources */,
				48035927A44A2054A3724B8D /* PinButton.swift in Sources */,
				934393E85BA5D0C33E2068B2 /* PopoverContentView.swift in Sources */,
				4540292D0ADA8090120A23C2 /* SearchBarView.swift in Sources */,
				4E0E728943D12ACDBAC22F66 /* SettingsView.swift in Sources */,
				8BE16143CDF7DF150EB7CE0D /* ShortcutsSettingsView.swift in Sources */,
				67929222EA783562A16DEA47 /* StorageService.swift in Sources */,
				D768E4122EAC65423682FEC6 /* String+Truncation.swift in Sources */,
				C327FE48A00F783AF153FADD /* TypeBadge.swift in Sources */,
				C5E2B3D64E4C1AB0AA0FF605 /* UserPreferences.swift in Sources */,
			);
			runOnlyForDeploymentPostprocessing = 0;
		};
		E5C4654E225C57E63EAC4277 /* Sources */ = {
			isa = PBXSourcesBuildPhase;
			buildActionMask = 2147483647;
			files = (
				B5BD9D62FF334A304D9299D6 /* CutCopyPasteTests.swift in Sources */,
			);
			runOnlyForDeploymentPostprocessing = 0;
		};
/* End PBXSourcesBuildPhase section */

/* Begin PBXTargetDependency section */
		BBEF2EADE03947F535166893 /* PBXTargetDependency */ = {
			isa = PBXTargetDependency;
			target = 9DE7CB6177627FDC76B441B3 /* CutCopyPaste */;
			targetProxy = 481A38DA7B041CA613A042F3 /* PBXContainerItemProxy */;
		};
/* End PBXTargetDependency section */

/* Begin XCBuildConfiguration section */
		18DB9AD792482CFE313F7EA2 /* Release */ = {
			isa = XCBuildConfiguration;
			buildSettings = {
				BUNDLE_LOADER = "$(TEST_HOST)";
				COMBINE_HIDPI_IMAGES = YES;
				GENERATE_INFOPLIST_FILE = YES;
				LD_RUNPATH_SEARCH_PATHS = (
					"$(inherited)",
					"@executable_path/../Frameworks",
					"@loader_path/../Frameworks",
				);
				PRODUCT_BUNDLE_IDENTIFIER = com.cutcopypaste.app.tests;
				SDKROOT = macosx;
				TEST_HOST = "$(BUILT_PRODUCTS_DIR)/CutCopyPaste.app/Contents/MacOS/CutCopyPaste";
			};
			name = Release;
		};
		2343E4A8916DFF09A01EF5A3 /* Release */ = {
			isa = XCBuildConfiguration;
			buildSettings = {
				ALWAYS_SEARCH_USER_PATHS = NO;
				CLANG_ANALYZER_NONNULL = YES;
				CLANG_ANALYZER_NUMBER_OBJECT_CONVERSION = YES_AGGRESSIVE;
				CLANG_CXX_LANGUAGE_STANDARD = "gnu++14";
				CLANG_CXX_LIBRARY = "libc++";
				CLANG_ENABLE_MODULES = YES;
				CLANG_ENABLE_OBJC_ARC = YES;
				CLANG_ENABLE_OBJC_WEAK = YES;
				CLANG_WARN_BLOCK_CAPTURE_AUTORELEASING = YES;
				CLANG_WARN_BOOL_CONVERSION = YES;
				CLANG_WARN_COMMA = YES;
				CLANG_WARN_CONSTANT_CONVERSION = YES;
				CLANG_WARN_DEPRECATED_OBJC_IMPLEMENTATIONS = YES;
				CLANG_WARN_DIRECT_OBJC_ISA_USAGE = YES_ERROR;
				CLANG_WARN_DOCUMENTATION_COMMENTS = YES;
				CLANG_WARN_EMPTY_BODY = YES;
				CLANG_WARN_ENUM_CONVERSION = YES;
				CLANG_WARN_INFINITE_RECURSION = YES;
				CLANG_WARN_INT_CONVERSION = YES;
				CLANG_WARN_NON_LITERAL_NULL_CONVERSION = YES;
				CLANG_WARN_OBJC_IMPLICIT_RETAIN_SELF = YES;
				CLANG_WARN_OBJC_LITERAL_CONVERSION = YES;
				CLANG_WARN_OBJC_ROOT_CLASS = YES_ERROR;
				CLANG_WARN_QUOTED_INCLUDE_IN_FRAMEWORK_HEADER = YES;
				CLANG_WARN_RANGE_LOOP_ANALYSIS = YES;
				CLANG_WARN_STRICT_PROTOTYPES = YES;
				CLANG_WARN_SUSPICIOUS_MOVE = YES;
				CLANG_WARN_UNGUARDED_AVAILABILITY = YES_AGGRESSIVE;
				CLANG_WARN_UNREACHABLE_CODE = YES;
				CLANG_WARN__DUPLICATE_METHOD_MATCH = YES;
				COPY_PHASE_STRIP = NO;
				DEBUG_INFORMATION_FORMAT = "dwarf-with-dsym";
				ENABLE_NS_ASSERTIONS = NO;
				ENABLE_STRICT_OBJC_MSGSEND = YES;
				GCC_C_LANGUAGE_STANDARD = gnu11;
				GCC_NO_COMMON_BLOCKS = YES;
				GCC_WARN_64_TO_32_BIT_CONVERSION = YES;
				GCC_WARN_ABOUT_RETURN_TYPE = YES_ERROR;
				GCC_WARN_UNDECLARED_SELECTOR = YES;
				GCC_WARN_UNINITIALIZED_AUTOS = YES_AGGRESSIVE;
				GCC_WARN_UNUSED_FUNCTION = YES;
				GCC_WARN_UNUSED_VARIABLE = YES;
				MACOSX_DEPLOYMENT_TARGET = 14.0;
				MTL_ENABLE_DEBUG_INFO = NO;
				MTL_FAST_MATH = YES;
				PRODUCT_NAME = "$(TARGET_NAME)";
				SDKROOT = macosx;
				SWIFT_COMPILATION_MODE = wholemodule;
				SWIFT_OPTIMIZATION_LEVEL = "-O";
				SWIFT_VERSION = 5.9;
			};
			name = Release;
		};
		4A28C4E100C13F28A8E8C709 /* Debug */ = {
			isa = XCBuildConfiguration;
			buildSettings = {
				BUNDLE_LOADER = "$(TEST_HOST)";
				COMBINE_HIDPI_IMAGES = YES;
				GENERATE_INFOPLIST_FILE = YES;
				LD_RUNPATH_SEARCH_PATHS = (
					"$(inherited)",
					"@executable_path/../Frameworks",
					"@loader_path/../Frameworks",
				);
				PRODUCT_BUNDLE_IDENTIFIER = com.cutcopypaste.app.tests;
				SDKROOT = macosx;
				TEST_HOST = "$(BUILT_PRODUCTS_DIR)/CutCopyPaste.app/Contents/MacOS/CutCopyPaste";
			};
			name = Debug;
		};
		9F022EDA417268E09A9CC024 /* Debug */ = {
			isa = XCBuildConfiguration;
			buildSettings = {
				ALWAYS_SEARCH_USER_PATHS = NO;
				CLANG_ANALYZER_NONNULL = YES;
				CLANG_ANALYZER_NUMBER_OBJECT_CONVERSION = YES_AGGRESSIVE;
				CLANG_CXX_LANGUAGE_STANDARD = "gnu++14";
				CLANG_CXX_LIBRARY = "libc++";
				CLANG_ENABLE_MODULES = YES;
				CLANG_ENABLE_OBJC_ARC = YES;
				CLANG_ENABLE_OBJC_WEAK = YES;
				CLANG_WARN_BLOCK_CAPTURE_AUTORELEASING = YES;
				CLANG_WARN_BOOL_CONVERSION = YES;
				CLANG_WARN_COMMA = YES;
				CLANG_WARN_CONSTANT_CONVERSION = YES;
				CLANG_WARN_DEPRECATED_OBJC_IMPLEMENTATIONS = YES;
				CLANG_WARN_DIRECT_OBJC_ISA_USAGE = YES_ERROR;
				CLANG_WARN_DOCUMENTATION_COMMENTS = YES;
				CLANG_WARN_EMPTY_BODY = YES;
				CLANG_WARN_ENUM_CONVERSION = YES;
				CLANG_WARN_INFINITE_RECURSION = YES;
				CLANG_WARN_INT_CONVERSION = YES;
				CLANG_WARN_NON_LITERAL_NULL_CONVERSION = YES;
				CLANG_WARN_OBJC_IMPLICIT_RETAIN_SELF = YES;
				CLANG_WARN_OBJC_LITERAL_CONVERSION = YES;
				CLANG_WARN_OBJC_ROOT_CLASS = YES_ERROR;
				CLANG_WARN_QUOTED_INCLUDE_IN_FRAMEWORK_HEADER = YES;
				CLANG_WARN_RANGE_LOOP_ANALYSIS = YES;
				CLANG_WARN_STRICT_PROTOTYPES = YES;
				CLANG_WARN_SUSPICIOUS_MOVE = YES;
				CLANG_WARN_UNGUARDED_AVAILABILITY = YES_AGGRESSIVE;
				CLANG_WARN_UNREACHABLE_CODE = YES;
				CLANG_WARN__DUPLICATE_METHOD_MATCH = YES;
				COPY_PHASE_STRIP = NO;
				DEBUG_INFORMATION_FORMAT = dwarf;
				ENABLE_STRICT_OBJC_MSGSEND = YES;
				ENABLE_TESTABILITY = YES;
				GCC_C_LANGUAGE_STANDARD = gnu11;
				GCC_DYNAMIC_NO_PIC = NO;
				GCC_NO_COMMON_BLOCKS = YES;
				GCC_OPTIMIZATION_LEVEL = 0;
				GCC_PREPROCESSOR_DEFINITIONS = (
					"$(inherited)",
					"DEBUG=1",
				);
				GCC_WARN_64_TO_32_BIT_CONVERSION = YES;
				GCC_WARN_ABOUT_RETURN_TYPE = YES_ERROR;
				GCC_WARN_UNDECLARED_SELECTOR = YES;
				GCC_WARN_UNINITIALIZED_AUTOS = YES_AGGRESSIVE;
				GCC_WARN_UNUSED_FUNCTION = YES;
				GCC_WARN_UNUSED_VARIABLE = YES;
				MACOSX_DEPLOYMENT_TARGET = 14.0;
				MTL_ENABLE_DEBUG_INFO = INCLUDE_SOURCE;
				MTL_FAST_MATH = YES;
				ONLY_ACTIVE_ARCH = YES;
				PRODUCT_NAME = "$(TARGET_NAME)";
				SDKROOT = macosx;
				SWIFT_ACTIVE_COMPILATION_CONDITIONS = DEBUG;
				SWIFT_OPTIMIZATION_LEVEL = "-Onone";
				SWIFT_VERSION = 5.9;
			};
			name = Debug;
		};
		A5357D9E8AB495BD24180142 /* Release */ = {
			isa = XCBuildConfiguration;
			buildSettings = {
				ASSETCATALOG_COMPILER_APPICON_NAME = AppIcon;
				CODE_SIGN_ENTITLEMENTS = CutCopyPaste/Resources/CutCopyPaste.entitlements;
				COMBINE_HIDPI_IMAGES = YES;
				CURRENT_PROJECT_VERSION = 1;
				ENABLE_HARDENED_RUNTIME = YES;
				GENERATE_INFOPLIST_FILE = YES;
				INFOPLIST_GENERATION_MODE = GeneratedFile;
				INFOPLIST_KEY_CFBundleDisplayName = CutCopyPaste;
				INFOPLIST_KEY_LSUIElement = YES;
				LD_RUNPATH_SEARCH_PATHS = (
					"$(inherited)",
					"@executable_path/../Frameworks",
				);
				MARKETING_VERSION = 1.0.0;
				PRODUCT_BUNDLE_IDENTIFIER = com.cutcopypaste.app;
				PRODUCT_NAME = CutCopyPaste;
				SDKROOT = macosx;
				SWIFT_STRICT_CONCURRENCY = complete;
			};
			name = Release;
		};
		DBA982B1D4D3402144195CC7 /* Debug */ = {
			isa = XCBuildConfiguration;
			buildSettings = {
				ASSETCATALOG_COMPILER_APPICON_NAME = AppIcon;
				CODE_SIGN_ENTITLEMENTS = CutCopyPaste/Resources/CutCopyPaste.entitlements;
				COMBINE_HIDPI_IMAGES = YES;
				CURRENT_PROJECT_VERSION = 1;
				ENABLE_HARDENED_RUNTIME = YES;
				GENERATE_INFOPLIST_FILE = YES;
				INFOPLIST_GENERATION_MODE = GeneratedFile;
				INFOPLIST_KEY_CFBundleDisplayName = CutCopyPaste;
				INFOPLIST_KEY_LSUIElement = YES;
				LD_RUNPATH_SEARCH_PATHS = (
					"$(inherited)",
					"@executable_path/../Frameworks",
				);
				MARKETING_VERSION = 1.0.0;
				PRODUCT_BUNDLE_IDENTIFIER = com.cutcopypaste.app;
				PRODUCT_NAME = CutCopyPaste;
				SDKROOT = macosx;
				SWIFT_STRICT_CONCURRENCY = complete;
			};
			name = Debug;
		};
/* End XCBuildConfiguration section */

/* Begin XCConfigurationList section */
		11DBC06A1D01D7CAC411BA7A /* Build configuration list for PBXProject "CutCopyPaste" */ = {
			isa = XCConfigurationList;
			buildConfigurations = (
				9F022EDA417268E09A9CC024 /* Debug */,
				2343E4A8916DFF09A01EF5A3 /* Release */,
			);
			defaultConfigurationIsVisible = 0;
			defaultConfigurationName = Debug;
		};
		13E4BE5EB6727869F9E1AB35 /* Build configuration list for PBXNativeTarget "CutCopyPaste" */ = {
			isa = XCConfigurationList;
			buildConfigurations = (
				DBA982B1D4D3402144195CC7 /* Debug */,
				A5357D9E8AB495BD24180142 /* Release */,
			);
			defaultConfigurationIsVisible = 0;
			defaultConfigurationName = Debug;
		};
		71C38EEE05117B259F88FDF6 /* Build configuration list for PBXNativeTarget "CutCopyPasteTests" */ = {
			isa = XCConfigurationList;
			buildConfigurations = (
				4A28C4E100C13F28A8E8C709 /* Debug */,
				18DB9AD792482CFE313F7EA2 /* Release */,
			);
			defaultConfigurationIsVisible = 0;
			defaultConfigurationName = Debug;
		};
/* End XCConfigurationList section */
	};
	rootObject = ADF8ED004D3C69BBF5DCB2F1 /* Project object */;
}
